// !$*UTF8*$!
{
	archiveVersion = 1;
	classes = {
	};
	objectVersion = 46;
	objects = {

/* Begin PBXBuildFile section */
		4D32CAF8182B585E00B73A14 /* tab_pin.png in Resources */ = {isa = PBXBuildFile; fileRef = 4D32CAF6182B585E00B73A14 /* tab_pin.png */; };
		4D32CAF9182B585E00B73A14 /* tab_pin@2x.png in Resources */ = {isa = PBXBuildFile; fileRef = 4D32CAF7182B585E00B73A14 /* tab_pin@2x.png */; };
		4D32CAFE182B5D9F00B73A14 /* tab_thoughtBubble.png in Resources */ = {isa = PBXBuildFile; fileRef = 4D32CAFA182B5D9F00B73A14 /* tab_thoughtBubble.png */; };
		4D32CAFF182B5D9F00B73A14 /* tab_thoughtBubble@2x.png in Resources */ = {isa = PBXBuildFile; fileRef = 4D32CAFB182B5D9F00B73A14 /* tab_thoughtBubble@2x.png */; };
		4D32CB00182B5D9F00B73A14 /* tab_wordBubble.png in Resources */ = {isa = PBXBuildFile; fileRef = 4D32CAFC182B5D9F00B73A14 /* tab_wordBubble.png */; };
		4D32CB01182B5D9F00B73A14 /* tab_wordBubble@2x.png in Resources */ = {isa = PBXBuildFile; fileRef = 4D32CAFD182B5D9F00B73A14 /* tab_wordBubble@2x.png */; };
		4D83E74818246B850022959B /* Icon-40x40.png in Resources */ = {isa = PBXBuildFile; fileRef = 4D83E73B18246B850022959B /* Icon-40x40.png */; };
		4D83E74918246B850022959B /* Icon-72.png in Resources */ = {isa = PBXBuildFile; fileRef = 4D83E73C18246B850022959B /* Icon-72.png */; };
		4D83E74A18246B850022959B /* Icon-72@2x.png in Resources */ = {isa = PBXBuildFile; fileRef = 4D83E73D18246B850022959B /* Icon-72@2x.png */; };
		4D83E74B18246B850022959B /* Icon-76x76.png in Resources */ = {isa = PBXBuildFile; fileRef = 4D83E73E18246B850022959B /* Icon-76x76.png */; };
		4D83E74C18246B850022959B /* Icon-80x80.png in Resources */ = {isa = PBXBuildFile; fileRef = 4D83E73F18246B850022959B /* Icon-80x80.png */; };
		4D83E74D18246B850022959B /* Icon-120x120.png in Resources */ = {isa = PBXBuildFile; fileRef = 4D83E74018246B850022959B /* Icon-120x120.png */; };
		4D83E74E18246B850022959B /* Icon-152x152.png in Resources */ = {isa = PBXBuildFile; fileRef = 4D83E74118246B850022959B /* Icon-152x152.png */; };
		4D83E74F18246B850022959B /* Icon-Small-50.png in Resources */ = {isa = PBXBuildFile; fileRef = 4D83E74218246B850022959B /* Icon-Small-50.png */; };
		4D83E75018246B850022959B /* Icon-Small-50@2x.png in Resources */ = {isa = PBXBuildFile; fileRef = 4D83E74318246B850022959B /* Icon-Small-50@2x.png */; };
		4D83E75118246B850022959B /* Icon-Small.png in Resources */ = {isa = PBXBuildFile; fileRef = 4D83E74418246B850022959B /* Icon-Small.png */; };
		4D83E75218246B850022959B /* Icon-Small@2x.png in Resources */ = {isa = PBXBuildFile; fileRef = 4D83E74518246B850022959B /* Icon-Small@2x.png */; };
		4D83E75318246B850022959B /* Icon.png in Resources */ = {isa = PBXBuildFile; fileRef = 4D83E74618246B850022959B /* Icon.png */; };
		4D83E75418246B850022959B /* Icon@2x.png in Resources */ = {isa = PBXBuildFile; fileRef = 4D83E74718246B850022959B /* Icon@2x.png */; };
		4D83E75718246BAD0022959B /* iTunesArtwork in Resources */ = {isa = PBXBuildFile; fileRef = 4D83E75518246BAD0022959B /* iTunesArtwork */; };
		4D83E75818246BAD0022959B /* iTunesArtwork@2x in Resources */ = {isa = PBXBuildFile; fileRef = 4D83E75618246BAD0022959B /* iTunesArtwork@2x */; };
		4DBCCD681824C7BD006C7619 /* ChatterPinAnnotationView.m in Sources */ = {isa = PBXBuildFile; fileRef = 4DBCCD671824C7BD006C7619 /* ChatterPinAnnotationView.m */; };
		4DBCCD6B1825707F006C7619 /* chatterPin.png in Resources */ = {isa = PBXBuildFile; fileRef = 4DBCCD691825707F006C7619 /* chatterPin.png */; };
		4DBCCD6C1825707F006C7619 /* chatterPin@2x.png in Resources */ = {isa = PBXBuildFile; fileRef = 4DBCCD6A1825707F006C7619 /* chatterPin@2x.png */; };
		4DBCCD6F18286CAC006C7619 /* basic_blue_background.png in Resources */ = {isa = PBXBuildFile; fileRef = 4DBCCD6D18286CAC006C7619 /* basic_blue_background.png */; };
		4DBCCD7018286CAC006C7619 /* basic_blue_background@2x.png in Resources */ = {isa = PBXBuildFile; fileRef = 4DBCCD6E18286CAC006C7619 /* basic_blue_background@2x.png */; };
		4DBCCD7418286E6D006C7619 /* CheckinViewController.m in Sources */ = {isa = PBXBuildFile; fileRef = 4DBCCD7218286E6D006C7619 /* CheckinViewController.m */; };
		4DBCCD7518286E6D006C7619 /* CheckinViewController.xib in Resources */ = {isa = PBXBuildFile; fileRef = 4DBCCD7318286E6D006C7619 /* CheckinViewController.xib */; };
		4DD6261618365B47002D77D1 /* CloudCalloutView.m in Sources */ = {isa = PBXBuildFile; fileRef = 4DD6261518365B47002D77D1 /* CloudCalloutView.m */; };
		4DD6261918365B65002D77D1 /* CAAnimation+Blocks.m in Sources */ = {isa = PBXBuildFile; fileRef = 4DD6261818365B65002D77D1 /* CAAnimation+Blocks.m */; };
		824A9DD91724E16400C9BD79 /* UIKit.framework in Frameworks */ = {isa = PBXBuildFile; fileRef = 824A9DD81724E16400C9BD79 /* UIKit.framework */; };
		824A9DDB1724E16400C9BD79 /* Foundation.framework in Frameworks */ = {isa = PBXBuildFile; fileRef = 824A9DDA1724E16400C9BD79 /* Foundation.framework */; };
		824A9DDD1724E16400C9BD79 /* CoreGraphics.framework in Frameworks */ = {isa = PBXBuildFile; fileRef = 824A9DDC1724E16400C9BD79 /* CoreGraphics.framework */; };
		824A9DE31724E16400C9BD79 /* InfoPlist.strings in Resources */ = {isa = PBXBuildFile; fileRef = 824A9DE11724E16400C9BD79 /* InfoPlist.strings */; };
		824A9DE51724E16400C9BD79 /* main.m in Sources */ = {isa = PBXBuildFile; fileRef = 824A9DE41724E16400C9BD79 /* main.m */; };
		824A9E331724E2A900C9BD79 /* AppDelegate.m in Sources */ = {isa = PBXBuildFile; fileRef = 824A9E321724E2A900C9BD79 /* AppDelegate.m */; };
		824A9E3D1724E9F400C9BD79 /* readme.txt in Resources */ = {isa = PBXBuildFile; fileRef = 824A9E3C1724E9F400C9BD79 /* readme.txt */; };
		824A9E3F1724EC6300C9BD79 /* Settings.bundle in Resources */ = {isa = PBXBuildFile; fileRef = 824A9E3E1724EC6300C9BD79 /* Settings.bundle */; };
		824A9E411724ECC600C9BD79 /* SalesforceSDKResources.bundle in Resources */ = {isa = PBXBuildFile; fileRef = 824A9E401724ECC600C9BD79 /* SalesforceSDKResources.bundle */; };
		824A9E6A1724F03D00C9BD79 /* Default-568h@2x.png in Resources */ = {isa = PBXBuildFile; fileRef = 824A9E631724F03D00C9BD79 /* Default-568h@2x.png */; };
		824A9E6B1724F03D00C9BD79 /* Default-Landscape@2x~ipad.png in Resources */ = {isa = PBXBuildFile; fileRef = 824A9E641724F03D00C9BD79 /* Default-Landscape@2x~ipad.png */; };
		824A9E6C1724F03D00C9BD79 /* Default-Landscape~ipad.png in Resources */ = {isa = PBXBuildFile; fileRef = 824A9E651724F03D00C9BD79 /* Default-Landscape~ipad.png */; };
		824A9E6D1724F03D00C9BD79 /* Default-Portrait@2x~ipad.png in Resources */ = {isa = PBXBuildFile; fileRef = 824A9E661724F03D00C9BD79 /* Default-Portrait@2x~ipad.png */; };
		824A9E6E1724F03D00C9BD79 /* Default-Portrait~ipad.png in Resources */ = {isa = PBXBuildFile; fileRef = 824A9E671724F03D00C9BD79 /* Default-Portrait~ipad.png */; };
		824A9E6F1724F03D00C9BD79 /* Default.png in Resources */ = {isa = PBXBuildFile; fileRef = 824A9E681724F03D00C9BD79 /* Default.png */; };
		824A9E701724F03D00C9BD79 /* Default@2x.png in Resources */ = {isa = PBXBuildFile; fileRef = 824A9E691724F03D00C9BD79 /* Default@2x.png */; };
		824A9FDD1725079100C9BD79 /* libcrypto.a in Frameworks */ = {isa = PBXBuildFile; fileRef = 824A9F321725079000C9BD79 /* libcrypto.a */; };
		824A9FDE1725079100C9BD79 /* libssl.a in Frameworks */ = {isa = PBXBuildFile; fileRef = 824A9F331725079000C9BD79 /* libssl.a */; };
		824A9FDF1725079100C9BD79 /* openssl_license.txt in Resources */ = {isa = PBXBuildFile; fileRef = 824A9F341725079000C9BD79 /* openssl_license.txt */; };
		824A9FE01725079100C9BD79 /* libRestKit.a in Frameworks */ = {isa = PBXBuildFile; fileRef = 824A9F8E1725079100C9BD79 /* libRestKit.a */; };
		824A9FE21725079100C9BD79 /* libSalesforceNativeSDK.a in Frameworks */ = {isa = PBXBuildFile; fileRef = 824A9FBA1725079100C9BD79 /* libSalesforceNativeSDK.a */; };
		824A9FE31725079100C9BD79 /* libSalesforceOAuth.a in Frameworks */ = {isa = PBXBuildFile; fileRef = 824A9FC11725079100C9BD79 /* libSalesforceOAuth.a */; };
		824A9FE41725079100C9BD79 /* libSalesforceSDKCore.a in Frameworks */ = {isa = PBXBuildFile; fileRef = 824A9FD91725079100C9BD79 /* libSalesforceSDKCore.a */; };
		824A9FE51725079100C9BD79 /* libsqlcipher.a in Frameworks */ = {isa = PBXBuildFile; fileRef = 824A9FDB1725079100C9BD79 /* libsqlcipher.a */; };
		824A9FE61725079100C9BD79 /* LICENSE in Resources */ = {isa = PBXBuildFile; fileRef = 824A9FDC1725079100C9BD79 /* LICENSE */; };
		824A9FE81725098F00C9BD79 /* libxml2.dylib in Frameworks */ = {isa = PBXBuildFile; fileRef = 824A9FE71725098F00C9BD79 /* libxml2.dylib */; };
		824A9FEA1725099600C9BD79 /* libz.dylib in Frameworks */ = {isa = PBXBuildFile; fileRef = 824A9FE91725099600C9BD79 /* libz.dylib */; };
		824A9FEC17250ADA00C9BD79 /* CFNetwork.framework in Frameworks */ = {isa = PBXBuildFile; fileRef = 824A9FEB17250ADA00C9BD79 /* CFNetwork.framework */; };
		824A9FEE17250AE500C9BD79 /* CoreData.framework in Frameworks */ = {isa = PBXBuildFile; fileRef = 824A9FED17250AE500C9BD79 /* CoreData.framework */; };
		824A9FF017250B7D00C9BD79 /* MessageUI.framework in Frameworks */ = {isa = PBXBuildFile; fileRef = 824A9FEF17250B7C00C9BD79 /* MessageUI.framework */; };
		824A9FF217250B8300C9BD79 /* MobileCoreServices.framework in Frameworks */ = {isa = PBXBuildFile; fileRef = 824A9FF117250B8300C9BD79 /* MobileCoreServices.framework */; };
		824A9FF417250BF300C9BD79 /* QuartzCore.framework in Frameworks */ = {isa = PBXBuildFile; fileRef = 824A9FF317250BF300C9BD79 /* QuartzCore.framework */; };
		824A9FF617250BFA00C9BD79 /* Security.framework in Frameworks */ = {isa = PBXBuildFile; fileRef = 824A9FF517250BFA00C9BD79 /* Security.framework */; };
		824A9FF817250C0100C9BD79 /* SystemConfiguration.framework in Frameworks */ = {isa = PBXBuildFile; fileRef = 824A9FF717250C0100C9BD79 /* SystemConfiguration.framework */; };
		8273F18A1778F39F005E31A6 /* libSalesforceCommonUtils.a in Frameworks */ = {isa = PBXBuildFile; fileRef = 8273F1881778F39F005E31A6 /* libSalesforceCommonUtils.a */; };
		B0359D931826E95C00889929 /* SelectUserViewControllerOrig.m in Sources */ = {isa = PBXBuildFile; fileRef = B0359D911826E95C00889929 /* SelectUserViewControllerOrig.m */; };
		B0359D941826E95C00889929 /* SelectUserViewControllerOrig.xib in Resources */ = {isa = PBXBuildFile; fileRef = B0359D921826E95C00889929 /* SelectUserViewControllerOrig.xib */; };
		B0838DF51822EF2700AB0387 /* MapKit.framework in Frameworks */ = {isa = PBXBuildFile; fileRef = B0838DF41822EF2700AB0387 /* MapKit.framework */; };
		B0838DF71822EF5D00AB0387 /* CoreLocation.framework in Frameworks */ = {isa = PBXBuildFile; fileRef = B0838DF61822EF5D00AB0387 /* CoreLocation.framework */; };
		B0838E1D1822F16700AB0387 /* FeedTableViewCell.m in Sources */ = {isa = PBXBuildFile; fileRef = B0838DFF1822F16700AB0387 /* FeedTableViewCell.m */; };
		B0838E1E1822F16700AB0387 /* FeedTableViewCell.xib in Resources */ = {isa = PBXBuildFile; fileRef = B0838E001822F16700AB0387 /* FeedTableViewCell.xib */; };
		B0838E1F1822F16700AB0387 /* FeedTableViewController.m in Sources */ = {isa = PBXBuildFile; fileRef = B0838E021822F16700AB0387 /* FeedTableViewController.m */; };
		B0838E201822F16700AB0387 /* FeedTableViewController.xib in Resources */ = {isa = PBXBuildFile; fileRef = B0838E031822F16700AB0387 /* FeedTableViewController.xib */; };
		B0838E211822F16700AB0387 /* InitialViewController.m in Sources */ = {isa = PBXBuildFile; fileRef = B0838E061822F16700AB0387 /* InitialViewController.m */; };
		B0838E221822F16700AB0387 /* InitialViewController.xib in Resources */ = {isa = PBXBuildFile; fileRef = B0838E071822F16700AB0387 /* InitialViewController.xib */; };
		B0838E231822F16700AB0387 /* LoadingViewController.m in Sources */ = {isa = PBXBuildFile; fileRef = B0838E0A1822F16700AB0387 /* LoadingViewController.m */; };
		B0838E241822F16700AB0387 /* LoadingViewController.xib in Resources */ = {isa = PBXBuildFile; fileRef = B0838E0B1822F16700AB0387 /* LoadingViewController.xib */; };
		B0838E251822F16700AB0387 /* MapViewController.m in Sources */ = {isa = PBXBuildFile; fileRef = B0838E0E1822F16700AB0387 /* MapViewController.m */; };
		B0838E261822F16700AB0387 /* MapViewController.xib in Resources */ = {isa = PBXBuildFile; fileRef = B0838E0F1822F16700AB0387 /* MapViewController.xib */; };
		B0838E271822F16700AB0387 /* SelectUserViewController.m in Sources */ = {isa = PBXBuildFile; fileRef = B0838E121822F16700AB0387 /* SelectUserViewController.m */; };
		B0838E281822F16700AB0387 /* SelectUserViewController.xib in Resources */ = {isa = PBXBuildFile; fileRef = B0838E131822F16700AB0387 /* SelectUserViewController.xib */; };
		B0838E291822F16700AB0387 /* NSString+JSON.m in Sources */ = {isa = PBXBuildFile; fileRef = B0838E161822F16700AB0387 /* NSString+JSON.m */; };
		B0838E311822F4B700AB0387 /* checkin.png in Resources */ = {isa = PBXBuildFile; fileRef = B0838E2D1822F4B700AB0387 /* checkin.png */; };
		B0838E321822F4B700AB0387 /* checkin@2x.png in Resources */ = {isa = PBXBuildFile; fileRef = B0838E2E1822F4B700AB0387 /* checkin@2x.png */; };
		B0838E331822F4B700AB0387 /* feed_icon.png in Resources */ = {isa = PBXBuildFile; fileRef = B0838E2F1822F4B700AB0387 /* feed_icon.png */; };
		B0838E341822F4B700AB0387 /* feed_icon@2x.png in Resources */ = {isa = PBXBuildFile; fileRef = B0838E301822F4B700AB0387 /* feed_icon@2x.png */; };
		B0838E3A1822F50900AB0387 /* Annotation.m in Sources */ = {isa = PBXBuildFile; fileRef = B0838E371822F50900AB0387 /* Annotation.m */; };
		B0838E3B1822F50900AB0387 /* User.m in Sources */ = {isa = PBXBuildFile; fileRef = B0838E391822F50900AB0387 /* User.m */; };
		B0838E421824026F00AB0387 /* LoadingCell.m in Sources */ = {isa = PBXBuildFile; fileRef = B0838E411824026F00AB0387 /* LoadingCell.m */; };
		B0838E451824050000AB0387 /* PlaceholderRow.m in Sources */ = {isa = PBXBuildFile; fileRef = B0838E441824050000AB0387 /* PlaceholderRow.m */; };
/* End PBXBuildFile section */

/* Begin PBXFileReference section */
		4D32CAF6182B585E00B73A14 /* tab_pin.png */ = {isa = PBXFileReference; lastKnownFileType = image.png; name = tab_pin.png; path = assets/tab_pin.png; sourceTree = "<group>"; };
		4D32CAF7182B585E00B73A14 /* tab_pin@2x.png */ = {isa = PBXFileReference; lastKnownFileType = image.png; name = "tab_pin@2x.png"; path = "assets/tab_pin@2x.png"; sourceTree = "<group>"; };
		4D32CAFA182B5D9F00B73A14 /* tab_thoughtBubble.png */ = {isa = PBXFileReference; lastKnownFileType = image.png; name = tab_thoughtBubble.png; path = assets/tab_thoughtBubble.png; sourceTree = "<group>"; };
		4D32CAFB182B5D9F00B73A14 /* tab_thoughtBubble@2x.png */ = {isa = PBXFileReference; lastKnownFileType = image.png; name = "tab_thoughtBubble@2x.png"; path = "assets/tab_thoughtBubble@2x.png"; sourceTree = "<group>"; };
		4D32CAFC182B5D9F00B73A14 /* tab_wordBubble.png */ = {isa = PBXFileReference; lastKnownFileType = image.png; name = tab_wordBubble.png; path = assets/tab_wordBubble.png; sourceTree = "<group>"; };
		4D32CAFD182B5D9F00B73A14 /* tab_wordBubble@2x.png */ = {isa = PBXFileReference; lastKnownFileType = image.png; name = "tab_wordBubble@2x.png"; path = "assets/tab_wordBubble@2x.png"; sourceTree = "<group>"; };
		4D83E73B18246B850022959B /* Icon-40x40.png */ = {isa = PBXFileReference; lastKnownFileType = image.png; name = "Icon-40x40.png"; path = "assets/Icons/Icon-40x40.png"; sourceTree = "<group>"; };
		4D83E73C18246B850022959B /* Icon-72.png */ = {isa = PBXFileReference; lastKnownFileType = image.png; name = "Icon-72.png"; path = "assets/Icons/Icon-72.png"; sourceTree = "<group>"; };
		4D83E73D18246B850022959B /* Icon-72@2x.png */ = {isa = PBXFileReference; lastKnownFileType = image.png; name = "Icon-72@2x.png"; path = "assets/Icons/Icon-72@2x.png"; sourceTree = "<group>"; };
		4D83E73E18246B850022959B /* Icon-76x76.png */ = {isa = PBXFileReference; lastKnownFileType = image.png; name = "Icon-76x76.png"; path = "assets/Icons/Icon-76x76.png"; sourceTree = "<group>"; };
		4D83E73F18246B850022959B /* Icon-80x80.png */ = {isa = PBXFileReference; lastKnownFileType = image.png; name = "Icon-80x80.png"; path = "assets/Icons/Icon-80x80.png"; sourceTree = "<group>"; };
		4D83E74018246B850022959B /* Icon-120x120.png */ = {isa = PBXFileReference; lastKnownFileType = image.png; name = "Icon-120x120.png"; path = "assets/Icons/Icon-120x120.png"; sourceTree = "<group>"; };
		4D83E74118246B850022959B /* Icon-152x152.png */ = {isa = PBXFileReference; lastKnownFileType = image.png; name = "Icon-152x152.png"; path = "assets/Icons/Icon-152x152.png"; sourceTree = "<group>"; };
		4D83E74218246B850022959B /* Icon-Small-50.png */ = {isa = PBXFileReference; lastKnownFileType = image.png; name = "Icon-Small-50.png"; path = "assets/Icons/Icon-Small-50.png"; sourceTree = "<group>"; };
		4D83E74318246B850022959B /* Icon-Small-50@2x.png */ = {isa = PBXFileReference; lastKnownFileType = image.png; name = "Icon-Small-50@2x.png"; path = "assets/Icons/Icon-Small-50@2x.png"; sourceTree = "<group>"; };
		4D83E74418246B850022959B /* Icon-Small.png */ = {isa = PBXFileReference; lastKnownFileType = image.png; name = "Icon-Small.png"; path = "assets/Icons/Icon-Small.png"; sourceTree = "<group>"; };
		4D83E74518246B850022959B /* Icon-Small@2x.png */ = {isa = PBXFileReference; lastKnownFileType = image.png; name = "Icon-Small@2x.png"; path = "assets/Icons/Icon-Small@2x.png"; sourceTree = "<group>"; };
		4D83E74618246B850022959B /* Icon.png */ = {isa = PBXFileReference; lastKnownFileType = image.png; name = Icon.png; path = assets/Icons/Icon.png; sourceTree = "<group>"; };
		4D83E74718246B850022959B /* Icon@2x.png */ = {isa = PBXFileReference; lastKnownFileType = image.png; name = "Icon@2x.png"; path = "assets/Icons/Icon@2x.png"; sourceTree = "<group>"; };
		4D83E75518246BAD0022959B /* iTunesArtwork */ = {isa = PBXFileReference; lastKnownFileType = file; path = iTunesArtwork; sourceTree = "<group>"; };
		4D83E75618246BAD0022959B /* iTunesArtwork@2x */ = {isa = PBXFileReference; lastKnownFileType = file; path = "iTunesArtwork@2x"; sourceTree = "<group>"; };
		4DBCCD661824C7BD006C7619 /* ChatterPinAnnotationView.h */ = {isa = PBXFileReference; fileEncoding = 4; lastKnownFileType = sourcecode.c.h; name = ChatterPinAnnotationView.h; path = Views/ChatterPinAnnotationView.h; sourceTree = "<group>"; };
		4DBCCD671824C7BD006C7619 /* ChatterPinAnnotationView.m */ = {isa = PBXFileReference; fileEncoding = 4; lastKnownFileType = sourcecode.c.objc; name = ChatterPinAnnotationView.m; path = Views/ChatterPinAnnotationView.m; sourceTree = "<group>"; };
		4DBCCD691825707F006C7619 /* chatterPin.png */ = {isa = PBXFileReference; lastKnownFileType = image.png; name = chatterPin.png; path = assets/chatterPin.png; sourceTree = "<group>"; };
		4DBCCD6A1825707F006C7619 /* chatterPin@2x.png */ = {isa = PBXFileReference; lastKnownFileType = image.png; name = "chatterPin@2x.png"; path = "assets/chatterPin@2x.png"; sourceTree = "<group>"; };
		4DBCCD6D18286CAC006C7619 /* basic_blue_background.png */ = {isa = PBXFileReference; lastKnownFileType = image.png; name = basic_blue_background.png; path = assets/basic_blue_background.png; sourceTree = "<group>"; };
		4DBCCD6E18286CAC006C7619 /* basic_blue_background@2x.png */ = {isa = PBXFileReference; lastKnownFileType = image.png; name = "basic_blue_background@2x.png"; path = "assets/basic_blue_background@2x.png"; sourceTree = "<group>"; };
		4DBCCD7118286E6D006C7619 /* CheckinViewController.h */ = {isa = PBXFileReference; fileEncoding = 4; lastKnownFileType = sourcecode.c.h; path = CheckinViewController.h; sourceTree = "<group>"; };
		4DBCCD7218286E6D006C7619 /* CheckinViewController.m */ = {isa = PBXFileReference; fileEncoding = 4; lastKnownFileType = sourcecode.c.objc; path = CheckinViewController.m; sourceTree = "<group>"; };
		4DBCCD7318286E6D006C7619 /* CheckinViewController.xib */ = {isa = PBXFileReference; fileEncoding = 4; lastKnownFileType = file.xib; path = CheckinViewController.xib; sourceTree = "<group>"; };
		4DBCCD7718299B5A006C7619 /* SelectUserControllerDelegate.h */ = {isa = PBXFileReference; lastKnownFileType = sourcecode.c.h; path = SelectUserControllerDelegate.h; sourceTree = "<group>"; };
		4DD6261418365B47002D77D1 /* CloudCalloutView.h */ = {isa = PBXFileReference; fileEncoding = 4; lastKnownFileType = sourcecode.c.h; name = CloudCalloutView.h; path = Views/CloudCalloutView.h; sourceTree = "<group>"; };
		4DD6261518365B47002D77D1 /* CloudCalloutView.m */ = {isa = PBXFileReference; fileEncoding = 4; lastKnownFileType = sourcecode.c.objc; name = CloudCalloutView.m; path = Views/CloudCalloutView.m; sourceTree = "<group>"; };
		4DD6261718365B65002D77D1 /* CAAnimation+Blocks.h */ = {isa = PBXFileReference; fileEncoding = 4; lastKnownFileType = sourcecode.c.h; path = "CAAnimation+Blocks.h"; sourceTree = "<group>"; };
		4DD6261818365B65002D77D1 /* CAAnimation+Blocks.m */ = {isa = PBXFileReference; fileEncoding = 4; lastKnownFileType = sourcecode.c.objc; path = "CAAnimation+Blocks.m"; sourceTree = "<group>"; };
		824A9DD51724E16400C9BD79 /* Checkin.app */ = {isa = PBXFileReference; explicitFileType = wrapper.application; includeInIndex = 0; path = Checkin.app; sourceTree = BUILT_PRODUCTS_DIR; };
		824A9DD81724E16400C9BD79 /* UIKit.framework */ = {isa = PBXFileReference; lastKnownFileType = wrapper.framework; name = UIKit.framework; path = System/Library/Frameworks/UIKit.framework; sourceTree = SDKROOT; };
		824A9DDA1724E16400C9BD79 /* Foundation.framework */ = {isa = PBXFileReference; lastKnownFileType = wrapper.framework; name = Foundation.framework; path = System/Library/Frameworks/Foundation.framework; sourceTree = SDKROOT; };
		824A9DDC1724E16400C9BD79 /* CoreGraphics.framework */ = {isa = PBXFileReference; lastKnownFileType = wrapper.framework; name = CoreGraphics.framework; path = System/Library/Frameworks/CoreGraphics.framework; sourceTree = SDKROOT; };
		824A9DE01724E16400C9BD79 /* ChatterCheckin2-Info.plist */ = {isa = PBXFileReference; lastKnownFileType = text.plist.xml; path = "ChatterCheckin2-Info.plist"; sourceTree = "<group>"; };
		824A9DE21724E16400C9BD79 /* en */ = {isa = PBXFileReference; lastKnownFileType = text.plist.strings; name = en; path = en.lproj/InfoPlist.strings; sourceTree = "<group>"; };
		824A9DE41724E16400C9BD79 /* main.m */ = {isa = PBXFileReference; lastKnownFileType = sourcecode.c.objc; path = main.m; sourceTree = "<group>"; };
		824A9DE61724E16400C9BD79 /* ChatterCheckin2-Prefix.pch */ = {isa = PBXFileReference; lastKnownFileType = sourcecode.c.h; path = "ChatterCheckin2-Prefix.pch"; sourceTree = "<group>"; };
		824A9E311724E2A900C9BD79 /* AppDelegate.h */ = {isa = PBXFileReference; fileEncoding = 4; lastKnownFileType = sourcecode.c.h; path = AppDelegate.h; sourceTree = "<group>"; };
		824A9E321724E2A900C9BD79 /* AppDelegate.m */ = {isa = PBXFileReference; fileEncoding = 4; lastKnownFileType = sourcecode.c.objc; path = AppDelegate.m; sourceTree = "<group>"; };
		824A9E3C1724E9F400C9BD79 /* readme.txt */ = {isa = PBXFileReference; fileEncoding = 4; lastKnownFileType = text; path = readme.txt; sourceTree = "<group>"; };
		824A9E3E1724EC6300C9BD79 /* Settings.bundle */ = {isa = PBXFileReference; lastKnownFileType = "wrapper.plug-in"; path = Settings.bundle; sourceTree = "<group>"; };
		824A9E401724ECC600C9BD79 /* SalesforceSDKResources.bundle */ = {isa = PBXFileReference; lastKnownFileType = "wrapper.plug-in"; path = SalesforceSDKResources.bundle; sourceTree = "<group>"; };
		824A9E631724F03D00C9BD79 /* Default-568h@2x.png */ = {isa = PBXFileReference; lastKnownFileType = image.png; path = "Default-568h@2x.png"; sourceTree = "<group>"; };
		824A9E641724F03D00C9BD79 /* Default-Landscape@2x~ipad.png */ = {isa = PBXFileReference; lastKnownFileType = image.png; path = "Default-Landscape@2x~ipad.png"; sourceTree = "<group>"; };
		824A9E651724F03D00C9BD79 /* Default-Landscape~ipad.png */ = {isa = PBXFileReference; lastKnownFileType = image.png; path = "Default-Landscape~ipad.png"; sourceTree = "<group>"; };
		824A9E661724F03D00C9BD79 /* Default-Portrait@2x~ipad.png */ = {isa = PBXFileReference; lastKnownFileType = image.png; path = "Default-Portrait@2x~ipad.png"; sourceTree = "<group>"; };
		824A9E671724F03D00C9BD79 /* Default-Portrait~ipad.png */ = {isa = PBXFileReference; lastKnownFileType = image.png; path = "Default-Portrait~ipad.png"; sourceTree = "<group>"; };
		824A9E681724F03D00C9BD79 /* Default.png */ = {isa = PBXFileReference; lastKnownFileType = image.png; path = Default.png; sourceTree = "<group>"; };
		824A9E691724F03D00C9BD79 /* Default@2x.png */ = {isa = PBXFileReference; lastKnownFileType = image.png; path = "Default@2x.png"; sourceTree = "<group>"; };
		824A9F321725079000C9BD79 /* libcrypto.a */ = {isa = PBXFileReference; lastKnownFileType = archive.ar; path = libcrypto.a; sourceTree = "<group>"; };
		824A9F331725079000C9BD79 /* libssl.a */ = {isa = PBXFileReference; lastKnownFileType = archive.ar; path = libssl.a; sourceTree = "<group>"; };
		824A9F341725079000C9BD79 /* openssl_license.txt */ = {isa = PBXFileReference; fileEncoding = 4; lastKnownFileType = text; path = openssl_license.txt; sourceTree = "<group>"; };
		824A9F381725079000C9BD79 /* CoreData.h */ = {isa = PBXFileReference; fileEncoding = 4; lastKnownFileType = sourcecode.c.h; path = CoreData.h; sourceTree = "<group>"; };
		824A9F391725079000C9BD79 /* Errors.h */ = {isa = PBXFileReference; fileEncoding = 4; lastKnownFileType = sourcecode.c.h; path = Errors.h; sourceTree = "<group>"; };
		824A9F3A1725079000C9BD79 /* FileMD5Hash.h */ = {isa = PBXFileReference; fileEncoding = 4; lastKnownFileType = sourcecode.c.h; path = FileMD5Hash.h; sourceTree = "<group>"; };
		824A9F3B1725079000C9BD79 /* FileMD5Hash_Prefix.pch */ = {isa = PBXFileReference; fileEncoding = 4; lastKnownFileType = sourcecode.c.h; path = FileMD5Hash_Prefix.pch; sourceTree = "<group>"; };
		824A9F3C1725079000C9BD79 /* GCOAuth.h */ = {isa = PBXFileReference; fileEncoding = 4; lastKnownFileType = sourcecode.c.h; path = GCOAuth.h; sourceTree = "<group>"; };
		824A9F3D1725079000C9BD79 /* ISO8601DateFormatter.h */ = {isa = PBXFileReference; fileEncoding = 4; lastKnownFileType = sourcecode.c.h; path = ISO8601DateFormatter.h; sourceTree = "<group>"; };
		824A9F3E1725079000C9BD79 /* JSONKit.h */ = {isa = PBXFileReference; fileEncoding = 4; lastKnownFileType = sourcecode.c.h; path = JSONKit.h; sourceTree = "<group>"; };
		824A9F3F1725079000C9BD79 /* lcl.h */ = {isa = PBXFileReference; fileEncoding = 4; lastKnownFileType = sourcecode.c.h; path = lcl.h; sourceTree = "<group>"; };
		824A9F401725079000C9BD79 /* lcl_config_components.h */ = {isa = PBXFileReference; fileEncoding = 4; lastKnownFileType = sourcecode.c.h; path = lcl_config_components.h; sourceTree = "<group>"; };
		824A9F411725079000C9BD79 /* lcl_config_components.template.h */ = {isa = PBXFileReference; fileEncoding = 4; lastKnownFileType = sourcecode.c.h; path = lcl_config_components.template.h; sourceTree = "<group>"; };
		824A9F421725079000C9BD79 /* lcl_config_extensions.h */ = {isa = PBXFileReference; fileEncoding = 4; lastKnownFileType = sourcecode.c.h; path = lcl_config_extensions.h; sourceTree = "<group>"; };
		824A9F431725079000C9BD79 /* lcl_config_extensions.template.h */ = {isa = PBXFileReference; fileEncoding = 4; lastKnownFileType = sourcecode.c.h; path = lcl_config_extensions.template.h; sourceTree = "<group>"; };
		824A9F441725079000C9BD79 /* lcl_config_logger.h */ = {isa = PBXFileReference; fileEncoding = 4; lastKnownFileType = sourcecode.c.h; path = lcl_config_logger.h; sourceTree = "<group>"; };
		824A9F451725079000C9BD79 /* lcl_config_logger.template.h */ = {isa = PBXFileReference; fileEncoding = 4; lastKnownFileType = sourcecode.c.h; path = lcl_config_logger.template.h; sourceTree = "<group>"; };
		824A9F461725079000C9BD79 /* LCLNSLog.h */ = {isa = PBXFileReference; fileEncoding = 4; lastKnownFileType = sourcecode.c.h; path = LCLNSLog.h; sourceTree = "<group>"; };
		824A9F471725079000C9BD79 /* Network.h */ = {isa = PBXFileReference; fileEncoding = 4; lastKnownFileType = sourcecode.c.h; path = Network.h; sourceTree = "<group>"; };
		824A9F481725079000C9BD79 /* NSData+Base64.h */ = {isa = PBXFileReference; fileEncoding = 4; lastKnownFileType = sourcecode.c.h; path = "NSData+Base64.h"; sourceTree = "<group>"; };
		824A9F491725079000C9BD79 /* NSData+MD5.h */ = {isa = PBXFileReference; fileEncoding = 4; lastKnownFileType = sourcecode.c.h; path = "NSData+MD5.h"; sourceTree = "<group>"; };
		824A9F4A1725079000C9BD79 /* NSDictionary+RKAdditions.h */ = {isa = PBXFileReference; fileEncoding = 4; lastKnownFileType = sourcecode.c.h; path = "NSDictionary+RKAdditions.h"; sourceTree = "<group>"; };
		824A9F4B1725079000C9BD79 /* NSDictionary+RKRequestSerialization.h */ = {isa = PBXFileReference; fileEncoding = 4; lastKnownFileType = sourcecode.c.h; path = "NSDictionary+RKRequestSerialization.h"; sourceTree = "<group>"; };
		824A9F4C1725079000C9BD79 /* NSManagedObject+ActiveRecord.h */ = {isa = PBXFileReference; fileEncoding = 4; lastKnownFileType = sourcecode.c.h; path = "NSManagedObject+ActiveRecord.h"; sourceTree = "<group>"; };
		824A9F4D1725079000C9BD79 /* NSString+MD5.h */ = {isa = PBXFileReference; fileEncoding = 4; lastKnownFileType = sourcecode.c.h; path = "NSString+MD5.h"; sourceTree = "<group>"; };
		824A9F4E1725079000C9BD79 /* NSString+RestKit.h */ = {isa = PBXFileReference; fileEncoding = 4; lastKnownFileType = sourcecode.c.h; path = "NSString+RestKit.h"; sourceTree = "<group>"; };
		824A9F4F1725079000C9BD79 /* NSURL+RestKit.h */ = {isa = PBXFileReference; fileEncoding = 4; lastKnownFileType = sourcecode.c.h; path = "NSURL+RestKit.h"; sourceTree = "<group>"; };
		824A9F501725079000C9BD79 /* ObjectMapping.h */ = {isa = PBXFileReference; fileEncoding = 4; lastKnownFileType = sourcecode.c.h; path = ObjectMapping.h; sourceTree = "<group>"; };
		824A9F511725079000C9BD79 /* RestKit-Prefix.pch */ = {isa = PBXFileReference; fileEncoding = 4; lastKnownFileType = sourcecode.c.h; path = "RestKit-Prefix.pch"; sourceTree = "<group>"; };
		824A9F521725079000C9BD79 /* RestKit.h */ = {isa = PBXFileReference; fileEncoding = 4; lastKnownFileType = sourcecode.c.h; path = RestKit.h; sourceTree = "<group>"; };
		824A9F531725079000C9BD79 /* RKAlert.h */ = {isa = PBXFileReference; fileEncoding = 4; lastKnownFileType = sourcecode.c.h; path = RKAlert.h; sourceTree = "<group>"; };
		824A9F541725079000C9BD79 /* RKClient.h */ = {isa = PBXFileReference; fileEncoding = 4; lastKnownFileType = sourcecode.c.h; path = RKClient.h; sourceTree = "<group>"; };
		824A9F551725079000C9BD79 /* RKConfigurationDelegate.h */ = {isa = PBXFileReference; fileEncoding = 4; lastKnownFileType = sourcecode.c.h; path = RKConfigurationDelegate.h; sourceTree = "<group>"; };
		824A9F561725079000C9BD79 /* RKDirectory.h */ = {isa = PBXFileReference; fileEncoding = 4; lastKnownFileType = sourcecode.c.h; path = RKDirectory.h; sourceTree = "<group>"; };
		824A9F571725079000C9BD79 /* RKDotNetDateFormatter.h */ = {isa = PBXFileReference; fileEncoding = 4; lastKnownFileType = sourcecode.c.h; path = RKDotNetDateFormatter.h; sourceTree = "<group>"; };
		824A9F581725079000C9BD79 /* RKDynamicObjectMapping.h */ = {isa = PBXFileReference; fileEncoding = 4; lastKnownFileType = sourcecode.c.h; path = RKDynamicObjectMapping.h; sourceTree = "<group>"; };
		824A9F591725079000C9BD79 /* RKErrorMessage.h */ = {isa = PBXFileReference; fileEncoding = 4; lastKnownFileType = sourcecode.c.h; path = RKErrorMessage.h; sourceTree = "<group>"; };
		824A9F5A1725079000C9BD79 /* RKFixCategoryBug.h */ = {isa = PBXFileReference; fileEncoding = 4; lastKnownFileType = sourcecode.c.h; path = RKFixCategoryBug.h; sourceTree = "<group>"; };
		824A9F5B1725079000C9BD79 /* RKJSONParserJSONKit.h */ = {isa = PBXFileReference; fileEncoding = 4; lastKnownFileType = sourcecode.c.h; path = RKJSONParserJSONKit.h; sourceTree = "<group>"; };
		824A9F5C1725079000C9BD79 /* RKLog.h */ = {isa = PBXFileReference; fileEncoding = 4; lastKnownFileType = sourcecode.c.h; path = RKLog.h; sourceTree = "<group>"; };
		824A9F5D1725079000C9BD79 /* RKManagedObjectCache.h */ = {isa = PBXFileReference; fileEncoding = 4; lastKnownFileType = sourcecode.c.h; path = RKManagedObjectCache.h; sourceTree = "<group>"; };
		824A9F5E1725079000C9BD79 /* RKManagedObjectLoader.h */ = {isa = PBXFileReference; fileEncoding = 4; lastKnownFileType = sourcecode.c.h; path = RKManagedObjectLoader.h; sourceTree = "<group>"; };
		824A9F5F1725079000C9BD79 /* RKManagedObjectMapping.h */ = {isa = PBXFileReference; fileEncoding = 4; lastKnownFileType = sourcecode.c.h; path = RKManagedObjectMapping.h; sourceTree = "<group>"; };
		824A9F601725079000C9BD79 /* RKManagedObjectMappingOperation.h */ = {isa = PBXFileReference; fileEncoding = 4; lastKnownFileType = sourcecode.c.h; path = RKManagedObjectMappingOperation.h; sourceTree = "<group>"; };
		824A9F611725079000C9BD79 /* RKManagedObjectSeeder.h */ = {isa = PBXFileReference; fileEncoding = 4; lastKnownFileType = sourcecode.c.h; path = RKManagedObjectSeeder.h; sourceTree = "<group>"; };
		824A9F621725079000C9BD79 /* RKManagedObjectStore.h */ = {isa = PBXFileReference; fileEncoding = 4; lastKnownFileType = sourcecode.c.h; path = RKManagedObjectStore.h; sourceTree = "<group>"; };
		824A9F631725079000C9BD79 /* RKManagedObjectThreadSafeInvocation.h */ = {isa = PBXFileReference; fileEncoding = 4; lastKnownFileType = sourcecode.c.h; path = RKManagedObjectThreadSafeInvocation.h; sourceTree = "<group>"; };
		824A9F641725079000C9BD79 /* RKMappingOperationQueue.h */ = {isa = PBXFileReference; fileEncoding = 4; lastKnownFileType = sourcecode.c.h; path = RKMappingOperationQueue.h; sourceTree = "<group>"; };
		824A9F651725079000C9BD79 /* RKMIMETypes.h */ = {isa = PBXFileReference; fileEncoding = 4; lastKnownFileType = sourcecode.c.h; path = RKMIMETypes.h; sourceTree = "<group>"; };
		824A9F661725079000C9BD79 /* RKNotifications.h */ = {isa = PBXFileReference; fileEncoding = 4; lastKnownFileType = sourcecode.c.h; path = RKNotifications.h; sourceTree = "<group>"; };
		824A9F671725079000C9BD79 /* RKOAuthClient.h */ = {isa = PBXFileReference; fileEncoding = 4; lastKnownFileType = sourcecode.c.h; path = RKOAuthClient.h; sourceTree = "<group>"; };
		824A9F681725079000C9BD79 /* RKObjectAttributeMapping.h */ = {isa = PBXFileReference; fileEncoding = 4; lastKnownFileType = sourcecode.c.h; path = RKObjectAttributeMapping.h; sourceTree = "<group>"; };
		824A9F691725079000C9BD79 /* RKObjectLoader.h */ = {isa = PBXFileReference; fileEncoding = 4; lastKnownFileType = sourcecode.c.h; path = RKObjectLoader.h; sourceTree = "<group>"; };
		824A9F6A1725079000C9BD79 /* RKObjectLoader_Internals.h */ = {isa = PBXFileReference; fileEncoding = 4; lastKnownFileType = sourcecode.c.h; path = RKObjectLoader_Internals.h; sourceTree = "<group>"; };
		824A9F6B1725079000C9BD79 /* RKObjectManager.h */ = {isa = PBXFileReference; fileEncoding = 4; lastKnownFileType = sourcecode.c.h; path = RKObjectManager.h; sourceTree = "<group>"; };
		824A9F6C1725079000C9BD79 /* RKObjectMapper.h */ = {isa = PBXFileReference; fileEncoding = 4; lastKnownFileType = sourcecode.c.h; path = RKObjectMapper.h; sourceTree = "<group>"; };
		824A9F6D1725079000C9BD79 /* RKObjectMapper_Private.h */ = {isa = PBXFileReference; fileEncoding = 4; lastKnownFileType = sourcecode.c.h; path = RKObjectMapper_Private.h; sourceTree = "<group>"; };
		824A9F6E1725079000C9BD79 /* RKObjectMapperError.h */ = {isa = PBXFileReference; fileEncoding = 4; lastKnownFileType = sourcecode.c.h; path = RKObjectMapperError.h; sourceTree = "<group>"; };
		824A9F6F1725079000C9BD79 /* RKObjectMapping.h */ = {isa = PBXFileReference; fileEncoding = 4; lastKnownFileType = sourcecode.c.h; path = RKObjectMapping.h; sourceTree = "<group>"; };
		824A9F701725079000C9BD79 /* RKObjectMappingDefinition.h */ = {isa = PBXFileReference; fileEncoding = 4; lastKnownFileType = sourcecode.c.h; path = RKObjectMappingDefinition.h; sourceTree = "<group>"; };
		824A9F711725079000C9BD79 /* RKObjectMappingOperation.h */ = {isa = PBXFileReference; fileEncoding = 4; lastKnownFileType = sourcecode.c.h; path = RKObjectMappingOperation.h; sourceTree = "<group>"; };
		824A9F721725079000C9BD79 /* RKObjectMappingProvider.h */ = {isa = PBXFileReference; fileEncoding = 4; lastKnownFileType = sourcecode.c.h; path = RKObjectMappingProvider.h; sourceTree = "<group>"; };
		824A9F731725079000C9BD79 /* RKObjectMappingResult.h */ = {isa = PBXFileReference; fileEncoding = 4; lastKnownFileType = sourcecode.c.h; path = RKObjectMappingResult.h; sourceTree = "<group>"; };
		824A9F741725079000C9BD79 /* RKObjectPaginator.h */ = {isa = PBXFileReference; fileEncoding = 4; lastKnownFileType = sourcecode.c.h; path = RKObjectPaginator.h; sourceTree = "<group>"; };
		824A9F751725079000C9BD79 /* RKObjectPropertyInspector+CoreData.h */ = {isa = PBXFileReference; fileEncoding = 4; lastKnownFileType = sourcecode.c.h; path = "RKObjectPropertyInspector+CoreData.h"; sourceTree = "<group>"; };
		824A9F761725079000C9BD79 /* RKObjectPropertyInspector.h */ = {isa = PBXFileReference; fileEncoding = 4; lastKnownFileType = sourcecode.c.h; path = RKObjectPropertyInspector.h; sourceTree = "<group>"; };
		824A9F771725079000C9BD79 /* RKObjectRelationshipMapping.h */ = {isa = PBXFileReference; fileEncoding = 4; lastKnownFileType = sourcecode.c.h; path = RKObjectRelationshipMapping.h; sourceTree = "<group>"; };
		824A9F781725079000C9BD79 /* RKObjectRouter.h */ = {isa = PBXFileReference; fileEncoding = 4; lastKnownFileType = sourcecode.c.h; path = RKObjectRouter.h; sourceTree = "<group>"; };
		824A9F791725079000C9BD79 /* RKObjectSerializer.h */ = {isa = PBXFileReference; fileEncoding = 4; lastKnownFileType = sourcecode.c.h; path = RKObjectSerializer.h; sourceTree = "<group>"; };
		824A9F7A1725079000C9BD79 /* RKOrderedDictionary.h */ = {isa = PBXFileReference; fileEncoding = 4; lastKnownFileType = sourcecode.c.h; path = RKOrderedDictionary.h; sourceTree = "<group>"; };
		824A9F7B1725079000C9BD79 /* RKParams.h */ = {isa = PBXFileReference; fileEncoding = 4; lastKnownFileType = sourcecode.c.h; path = RKParams.h; sourceTree = "<group>"; };
		824A9F7C1725079000C9BD79 /* RKParamsAttachment.h */ = {isa = PBXFileReference; fileEncoding = 4; lastKnownFileType = sourcecode.c.h; path = RKParamsAttachment.h; sourceTree = "<group>"; };
		824A9F7D1725079000C9BD79 /* RKParser.h */ = {isa = PBXFileReference; fileEncoding = 4; lastKnownFileType = sourcecode.c.h; path = RKParser.h; sourceTree = "<group>"; };
		824A9F7E1725079000C9BD79 /* RKParserRegistry.h */ = {isa = PBXFileReference; fileEncoding = 4; lastKnownFileType = sourcecode.c.h; path = RKParserRegistry.h; sourceTree = "<group>"; };
		824A9F7F1725079000C9BD79 /* RKPathMatcher.h */ = {isa = PBXFileReference; fileEncoding = 4; lastKnownFileType = sourcecode.c.h; path = RKPathMatcher.h; sourceTree = "<group>"; };
		824A9F801725079100C9BD79 /* RKReachabilityObserver.h */ = {isa = PBXFileReference; fileEncoding = 4; lastKnownFileType = sourcecode.c.h; path = RKReachabilityObserver.h; sourceTree = "<group>"; };
		824A9F811725079100C9BD79 /* RKRequest.h */ = {isa = PBXFileReference; fileEncoding = 4; lastKnownFileType = sourcecode.c.h; path = RKRequest.h; sourceTree = "<group>"; };
		824A9F821725079100C9BD79 /* RKRequest_Internals.h */ = {isa = PBXFileReference; fileEncoding = 4; lastKnownFileType = sourcecode.c.h; path = RKRequest_Internals.h; sourceTree = "<group>"; };
		824A9F831725079100C9BD79 /* RKRequestCache.h */ = {isa = PBXFileReference; fileEncoding = 4; lastKnownFileType = sourcecode.c.h; path = RKRequestCache.h; sourceTree = "<group>"; };
		824A9F841725079100C9BD79 /* RKRequestQueue.h */ = {isa = PBXFileReference; fileEncoding = 4; lastKnownFileType = sourcecode.c.h; path = RKRequestQueue.h; sourceTree = "<group>"; };
		824A9F851725079100C9BD79 /* RKRequestSerializable.h */ = {isa = PBXFileReference; fileEncoding = 4; lastKnownFileType = sourcecode.c.h; path = RKRequestSerializable.h; sourceTree = "<group>"; };
		824A9F861725079100C9BD79 /* RKRequestSerialization.h */ = {isa = PBXFileReference; fileEncoding = 4; lastKnownFileType = sourcecode.c.h; path = RKRequestSerialization.h; sourceTree = "<group>"; };
		824A9F871725079100C9BD79 /* RKResponse.h */ = {isa = PBXFileReference; fileEncoding = 4; lastKnownFileType = sourcecode.c.h; path = RKResponse.h; sourceTree = "<group>"; };
		824A9F881725079100C9BD79 /* RKRouter.h */ = {isa = PBXFileReference; fileEncoding = 4; lastKnownFileType = sourcecode.c.h; path = RKRouter.h; sourceTree = "<group>"; };
		824A9F891725079100C9BD79 /* RKSearchEngine.h */ = {isa = PBXFileReference; fileEncoding = 4; lastKnownFileType = sourcecode.c.h; path = RKSearchEngine.h; sourceTree = "<group>"; };
		824A9F8A1725079100C9BD79 /* RKURL.h */ = {isa = PBXFileReference; fileEncoding = 4; lastKnownFileType = sourcecode.c.h; path = RKURL.h; sourceTree = "<group>"; };
		824A9F8B1725079100C9BD79 /* RKXMLParserLibXML.h */ = {isa = PBXFileReference; fileEncoding = 4; lastKnownFileType = sourcecode.c.h; path = RKXMLParserLibXML.h; sourceTree = "<group>"; };
		824A9F8C1725079100C9BD79 /* SOCKit.h */ = {isa = PBXFileReference; fileEncoding = 4; lastKnownFileType = sourcecode.c.h; path = SOCKit.h; sourceTree = "<group>"; };
		824A9F8D1725079100C9BD79 /* Support.h */ = {isa = PBXFileReference; fileEncoding = 4; lastKnownFileType = sourcecode.c.h; path = Support.h; sourceTree = "<group>"; };
		824A9F8E1725079100C9BD79 /* libRestKit.a */ = {isa = PBXFileReference; lastKnownFileType = archive.ar; path = libRestKit.a; sourceTree = "<group>"; };
		824A9FB61725079100C9BD79 /* SFRestAPI+Blocks.h */ = {isa = PBXFileReference; fileEncoding = 4; lastKnownFileType = sourcecode.c.h; path = "SFRestAPI+Blocks.h"; sourceTree = "<group>"; };
		824A9FB71725079100C9BD79 /* SFRestAPI+QueryBuilder.h */ = {isa = PBXFileReference; fileEncoding = 4; lastKnownFileType = sourcecode.c.h; path = "SFRestAPI+QueryBuilder.h"; sourceTree = "<group>"; };
		824A9FB81725079100C9BD79 /* SFRestAPI.h */ = {isa = PBXFileReference; fileEncoding = 4; lastKnownFileType = sourcecode.c.h; path = SFRestAPI.h; sourceTree = "<group>"; };
		824A9FB91725079100C9BD79 /* SFRestRequest.h */ = {isa = PBXFileReference; fileEncoding = 4; lastKnownFileType = sourcecode.c.h; path = SFRestRequest.h; sourceTree = "<group>"; };
		824A9FBA1725079100C9BD79 /* libSalesforceNativeSDK.a */ = {isa = PBXFileReference; lastKnownFileType = archive.ar; path = libSalesforceNativeSDK.a; sourceTree = "<group>"; };
		824A9FBE1725079100C9BD79 /* SFOAuthCoordinator.h */ = {isa = PBXFileReference; fileEncoding = 4; lastKnownFileType = sourcecode.c.h; path = SFOAuthCoordinator.h; sourceTree = "<group>"; };
		824A9FBF1725079100C9BD79 /* SFOAuthCredentials.h */ = {isa = PBXFileReference; fileEncoding = 4; lastKnownFileType = sourcecode.c.h; path = SFOAuthCredentials.h; sourceTree = "<group>"; };
		824A9FC01725079100C9BD79 /* SFOAuthInfo.h */ = {isa = PBXFileReference; fileEncoding = 4; lastKnownFileType = sourcecode.c.h; path = SFOAuthInfo.h; sourceTree = "<group>"; };
		824A9FC11725079100C9BD79 /* libSalesforceOAuth.a */ = {isa = PBXFileReference; lastKnownFileType = archive.ar; path = libSalesforceOAuth.a; sourceTree = "<group>"; };
		824A9FC51725079100C9BD79 /* FMDatabase.h */ = {isa = PBXFileReference; fileEncoding = 4; lastKnownFileType = sourcecode.c.h; path = FMDatabase.h; sourceTree = "<group>"; };
		824A9FC61725079100C9BD79 /* FMResultSet.h */ = {isa = PBXFileReference; fileEncoding = 4; lastKnownFileType = sourcecode.c.h; path = FMResultSet.h; sourceTree = "<group>"; };
		824A9FC71725079100C9BD79 /* SalesforceSDKConstants.h */ = {isa = PBXFileReference; fileEncoding = 4; lastKnownFileType = sourcecode.c.h; path = SalesforceSDKConstants.h; sourceTree = "<group>"; };
		824A9FC81725079100C9BD79 /* SFAccountManager.h */ = {isa = PBXFileReference; fileEncoding = 4; lastKnownFileType = sourcecode.c.h; path = SFAccountManager.h; sourceTree = "<group>"; };
		824A9FC91725079100C9BD79 /* SFApplication.h */ = {isa = PBXFileReference; fileEncoding = 4; lastKnownFileType = sourcecode.c.h; path = SFApplication.h; sourceTree = "<group>"; };
		824A9FCA1725079100C9BD79 /* SFAuthenticationManager.h */ = {isa = PBXFileReference; fileEncoding = 4; lastKnownFileType = sourcecode.c.h; path = SFAuthenticationManager.h; sourceTree = "<group>"; };
		824A9FCB1725079100C9BD79 /* SFAuthorizingViewController.h */ = {isa = PBXFileReference; fileEncoding = 4; lastKnownFileType = sourcecode.c.h; path = SFAuthorizingViewController.h; sourceTree = "<group>"; };
		824A9FCC1725079100C9BD79 /* SFIdentityCoordinator.h */ = {isa = PBXFileReference; fileEncoding = 4; lastKnownFileType = sourcecode.c.h; path = SFIdentityCoordinator.h; sourceTree = "<group>"; };
		824A9FCD1725079100C9BD79 /* SFIdentityData.h */ = {isa = PBXFileReference; fileEncoding = 4; lastKnownFileType = sourcecode.c.h; path = SFIdentityData.h; sourceTree = "<group>"; };
		824A9FCE1725079100C9BD79 /* SFJsonUtils.h */ = {isa = PBXFileReference; fileEncoding = 4; lastKnownFileType = sourcecode.c.h; path = SFJsonUtils.h; sourceTree = "<group>"; };
		824A9FCF1725079100C9BD79 /* SFPasscodeManager.h */ = {isa = PBXFileReference; fileEncoding = 4; lastKnownFileType = sourcecode.c.h; path = SFPasscodeManager.h; sourceTree = "<group>"; };
		824A9FD01725079100C9BD79 /* SFPasscodeProviderManager.h */ = {isa = PBXFileReference; fileEncoding = 4; lastKnownFileType = sourcecode.c.h; path = SFPasscodeProviderManager.h; sourceTree = "<group>"; };
		824A9FD11725079100C9BD79 /* SFQuerySpec.h */ = {isa = PBXFileReference; fileEncoding = 4; lastKnownFileType = sourcecode.c.h; path = SFQuerySpec.h; sourceTree = "<group>"; };
		824A9FD21725079100C9BD79 /* SFSDKResourceUtils.h */ = {isa = PBXFileReference; fileEncoding = 4; lastKnownFileType = sourcecode.c.h; path = SFSDKResourceUtils.h; sourceTree = "<group>"; };
		824A9FD31725079100C9BD79 /* SFSDKWebUtils.h */ = {isa = PBXFileReference; fileEncoding = 4; lastKnownFileType = sourcecode.c.h; path = SFSDKWebUtils.h; sourceTree = "<group>"; };
		824A9FD41725079100C9BD79 /* SFSecurityLockout.h */ = {isa = PBXFileReference; fileEncoding = 4; lastKnownFileType = sourcecode.c.h; path = SFSecurityLockout.h; sourceTree = "<group>"; };
		824A9FD51725079100C9BD79 /* SFSmartStore.h */ = {isa = PBXFileReference; fileEncoding = 4; lastKnownFileType = sourcecode.c.h; path = SFSmartStore.h; sourceTree = "<group>"; };
		824A9FD61725079100C9BD79 /* SFSmartStoreDatabaseManager.h */ = {isa = PBXFileReference; fileEncoding = 4; lastKnownFileType = sourcecode.c.h; path = SFSmartStoreDatabaseManager.h; sourceTree = "<group>"; };
		824A9FD71725079100C9BD79 /* SFSoupIndex.h */ = {isa = PBXFileReference; fileEncoding = 4; lastKnownFileType = sourcecode.c.h; path = SFSoupIndex.h; sourceTree = "<group>"; };
		824A9FD81725079100C9BD79 /* SFStoreCursor.h */ = {isa = PBXFileReference; fileEncoding = 4; lastKnownFileType = sourcecode.c.h; path = SFStoreCursor.h; sourceTree = "<group>"; };
		824A9FD91725079100C9BD79 /* libSalesforceSDKCore.a */ = {isa = PBXFileReference; lastKnownFileType = archive.ar; path = libSalesforceSDKCore.a; sourceTree = "<group>"; };
		824A9FDB1725079100C9BD79 /* libsqlcipher.a */ = {isa = PBXFileReference; lastKnownFileType = archive.ar; path = libsqlcipher.a; sourceTree = "<group>"; };
		824A9FDC1725079100C9BD79 /* LICENSE */ = {isa = PBXFileReference; fileEncoding = 4; lastKnownFileType = text; path = LICENSE; sourceTree = "<group>"; };
		824A9FE71725098F00C9BD79 /* libxml2.dylib */ = {isa = PBXFileReference; lastKnownFileType = "compiled.mach-o.dylib"; name = libxml2.dylib; path = usr/lib/libxml2.dylib; sourceTree = SDKROOT; };
		824A9FE91725099600C9BD79 /* libz.dylib */ = {isa = PBXFileReference; lastKnownFileType = "compiled.mach-o.dylib"; name = libz.dylib; path = usr/lib/libz.dylib; sourceTree = SDKROOT; };
		824A9FEB17250ADA00C9BD79 /* CFNetwork.framework */ = {isa = PBXFileReference; lastKnownFileType = wrapper.framework; name = CFNetwork.framework; path = System/Library/Frameworks/CFNetwork.framework; sourceTree = SDKROOT; };
		824A9FED17250AE500C9BD79 /* CoreData.framework */ = {isa = PBXFileReference; lastKnownFileType = wrapper.framework; name = CoreData.framework; path = System/Library/Frameworks/CoreData.framework; sourceTree = SDKROOT; };
		824A9FEF17250B7C00C9BD79 /* MessageUI.framework */ = {isa = PBXFileReference; lastKnownFileType = wrapper.framework; name = MessageUI.framework; path = System/Library/Frameworks/MessageUI.framework; sourceTree = SDKROOT; };
		824A9FF117250B8300C9BD79 /* MobileCoreServices.framework */ = {isa = PBXFileReference; lastKnownFileType = wrapper.framework; name = MobileCoreServices.framework; path = System/Library/Frameworks/MobileCoreServices.framework; sourceTree = SDKROOT; };
		824A9FF317250BF300C9BD79 /* QuartzCore.framework */ = {isa = PBXFileReference; lastKnownFileType = wrapper.framework; name = QuartzCore.framework; path = System/Library/Frameworks/QuartzCore.framework; sourceTree = SDKROOT; };
		824A9FF517250BFA00C9BD79 /* Security.framework */ = {isa = PBXFileReference; lastKnownFileType = wrapper.framework; name = Security.framework; path = System/Library/Frameworks/Security.framework; sourceTree = SDKROOT; };
		824A9FF717250C0100C9BD79 /* SystemConfiguration.framework */ = {isa = PBXFileReference; lastKnownFileType = wrapper.framework; name = SystemConfiguration.framework; path = System/Library/Frameworks/SystemConfiguration.framework; sourceTree = SDKROOT; };
		8273F1681778F39F005E31A6 /* NSData+SFAdditions.h */ = {isa = PBXFileReference; fileEncoding = 4; lastKnownFileType = sourcecode.c.h; path = "NSData+SFAdditions.h"; sourceTree = "<group>"; };
		8273F1691778F39F005E31A6 /* NSDictionary+SFAdditions.h */ = {isa = PBXFileReference; fileEncoding = 4; lastKnownFileType = sourcecode.c.h; path = "NSDictionary+SFAdditions.h"; sourceTree = "<group>"; };
		8273F16A1778F39F005E31A6 /* NSMutableAttributedString+SFAdditions.h */ = {isa = PBXFileReference; fileEncoding = 4; lastKnownFileType = sourcecode.c.h; path = "NSMutableAttributedString+SFAdditions.h"; sourceTree = "<group>"; };
		8273F16B1778F39F005E31A6 /* NSObject+SFBlocks.h */ = {isa = PBXFileReference; fileEncoding = 4; lastKnownFileType = sourcecode.c.h; path = "NSObject+SFBlocks.h"; sourceTree = "<group>"; };
		8273F16C1778F39F005E31A6 /* NSString+SFAdditions.h */ = {isa = PBXFileReference; fileEncoding = 4; lastKnownFileType = sourcecode.c.h; path = "NSString+SFAdditions.h"; sourceTree = "<group>"; };
		8273F16D1778F39F005E31A6 /* NSString+SFPathAdditions.h */ = {isa = PBXFileReference; fileEncoding = 4; lastKnownFileType = sourcecode.c.h; path = "NSString+SFPathAdditions.h"; sourceTree = "<group>"; };
		8273F16E1778F39F005E31A6 /* NSURL+SFAdditions.h */ = {isa = PBXFileReference; fileEncoding = 4; lastKnownFileType = sourcecode.c.h; path = "NSURL+SFAdditions.h"; sourceTree = "<group>"; };
		8273F16F1778F39F005E31A6 /* SalesforceCommonUtils.h */ = {isa = PBXFileReference; fileEncoding = 4; lastKnownFileType = sourcecode.c.h; path = SalesforceCommonUtils.h; sourceTree = "<group>"; };
		8273F1701778F39F005E31A6 /* SFCoverView.h */ = {isa = PBXFileReference; fileEncoding = 4; lastKnownFileType = sourcecode.c.h; path = SFCoverView.h; sourceTree = "<group>"; };
		8273F1711778F39F005E31A6 /* SFCrypto.h */ = {isa = PBXFileReference; fileEncoding = 4; lastKnownFileType = sourcecode.c.h; path = SFCrypto.h; sourceTree = "<group>"; };
		8273F1721778F39F005E31A6 /* SFDateUtil.h */ = {isa = PBXFileReference; fileEncoding = 4; lastKnownFileType = sourcecode.c.h; path = SFDateUtil.h; sourceTree = "<group>"; };
		8273F1731778F39F005E31A6 /* SFDeviceInfo.h */ = {isa = PBXFileReference; fileEncoding = 4; lastKnownFileType = sourcecode.c.h; path = SFDeviceInfo.h; sourceTree = "<group>"; };
		8273F1741778F39F005E31A6 /* SFEncryptionManager.h */ = {isa = PBXFileReference; fileEncoding = 4; lastKnownFileType = sourcecode.c.h; path = SFEncryptionManager.h; sourceTree = "<group>"; };
		8273F1751778F39F005E31A6 /* SFGradientView.h */ = {isa = PBXFileReference; fileEncoding = 4; lastKnownFileType = sourcecode.c.h; path = SFGradientView.h; sourceTree = "<group>"; };
		8273F1761778F39F005E31A6 /* SFInactivityTimerCenter.h */ = {isa = PBXFileReference; fileEncoding = 4; lastKnownFileType = sourcecode.c.h; path = SFInactivityTimerCenter.h; sourceTree = "<group>"; };
		8273F1771778F39F005E31A6 /* SFKeychainItemWrapper.h */ = {isa = PBXFileReference; fileEncoding = 4; lastKnownFileType = sourcecode.c.h; path = SFKeychainItemWrapper.h; sourceTree = "<group>"; };
		8273F1781778F39F005E31A6 /* SFLogger.h */ = {isa = PBXFileReference; fileEncoding = 4; lastKnownFileType = sourcecode.c.h; path = SFLogger.h; sourceTree = "<group>"; };
		8273F1791778F39F005E31A6 /* SFMD5.h */ = {isa = PBXFileReference; fileEncoding = 4; lastKnownFileType = sourcecode.c.h; path = SFMD5.h; sourceTree = "<group>"; };
		8273F17A1778F39F005E31A6 /* SFPadPickListViewController.h */ = {isa = PBXFileReference; fileEncoding = 4; lastKnownFileType = sourcecode.c.h; path = SFPadPickListViewController.h; sourceTree = "<group>"; };
		8273F17B1778F39F005E31A6 /* SFPathUtil.h */ = {isa = PBXFileReference; fileEncoding = 4; lastKnownFileType = sourcecode.c.h; path = SFPathUtil.h; sourceTree = "<group>"; };
		8273F17C1778F39F005E31A6 /* SFPhonePickListViewController.h */ = {isa = PBXFileReference; fileEncoding = 4; lastKnownFileType = sourcecode.c.h; path = SFPhonePickListViewController.h; sourceTree = "<group>"; };
		8273F17D1778F39F005E31A6 /* SFPickListViewController.h */ = {isa = PBXFileReference; fileEncoding = 4; lastKnownFileType = sourcecode.c.h; path = SFPickListViewController.h; sourceTree = "<group>"; };
		8273F17E1778F39F005E31A6 /* SFSoqlBuilder.h */ = {isa = PBXFileReference; fileEncoding = 4; lastKnownFileType = sourcecode.c.h; path = SFSoqlBuilder.h; sourceTree = "<group>"; };
		8273F17F1778F39F005E31A6 /* SFSoslBuilder.h */ = {isa = PBXFileReference; fileEncoding = 4; lastKnownFileType = sourcecode.c.h; path = SFSoslBuilder.h; sourceTree = "<group>"; };
		8273F1801778F39F005E31A6 /* SFSoslReturningBuilder.h */ = {isa = PBXFileReference; fileEncoding = 4; lastKnownFileType = sourcecode.c.h; path = SFSoslReturningBuilder.h; sourceTree = "<group>"; };
		8273F1811778F39F005E31A6 /* SFTestContext.h */ = {isa = PBXFileReference; fileEncoding = 4; lastKnownFileType = sourcecode.c.h; path = SFTestContext.h; sourceTree = "<group>"; };
		8273F1821778F39F005E31A6 /* SFUIUtils.h */ = {isa = PBXFileReference; fileEncoding = 4; lastKnownFileType = sourcecode.c.h; path = SFUIUtils.h; sourceTree = "<group>"; };
		8273F1831778F39F005E31A6 /* UIActionSheet+SFBlocks.h */ = {isa = PBXFileReference; fileEncoding = 4; lastKnownFileType = sourcecode.c.h; path = "UIActionSheet+SFBlocks.h"; sourceTree = "<group>"; };
		8273F1841778F39F005E31A6 /* UIAlertView+SFBlocks.h */ = {isa = PBXFileReference; fileEncoding = 4; lastKnownFileType = sourcecode.c.h; path = "UIAlertView+SFBlocks.h"; sourceTree = "<group>"; };
		8273F1851778F39F005E31A6 /* UIBarButtonItem+SFAddtions.h */ = {isa = PBXFileReference; fileEncoding = 4; lastKnownFileType = sourcecode.c.h; path = "UIBarButtonItem+SFAddtions.h"; sourceTree = "<group>"; };
		8273F1861778F39F005E31A6 /* UIDevice+SFHardware.h */ = {isa = PBXFileReference; fileEncoding = 4; lastKnownFileType = sourcecode.c.h; path = "UIDevice+SFHardware.h"; sourceTree = "<group>"; };
		8273F1871778F39F005E31A6 /* UILabel+SFAdditions.h */ = {isa = PBXFileReference; fileEncoding = 4; lastKnownFileType = sourcecode.c.h; path = "UILabel+SFAdditions.h"; sourceTree = "<group>"; };
		8273F1881778F39F005E31A6 /* libSalesforceCommonUtils.a */ = {isa = PBXFileReference; lastKnownFileType = archive.ar; path = libSalesforceCommonUtils.a; sourceTree = "<group>"; };
		B0359D901826E95C00889929 /* SelectUserViewControllerOrig.h */ = {isa = PBXFileReference; fileEncoding = 4; lastKnownFileType = sourcecode.c.h; path = SelectUserViewControllerOrig.h; sourceTree = "<group>"; };
		B0359D911826E95C00889929 /* SelectUserViewControllerOrig.m */ = {isa = PBXFileReference; fileEncoding = 4; lastKnownFileType = sourcecode.c.objc; path = SelectUserViewControllerOrig.m; sourceTree = "<group>"; };
		B0359D921826E95C00889929 /* SelectUserViewControllerOrig.xib */ = {isa = PBXFileReference; fileEncoding = 4; lastKnownFileType = file.xib; path = SelectUserViewControllerOrig.xib; sourceTree = "<group>"; };
		B0838DF41822EF2700AB0387 /* MapKit.framework */ = {isa = PBXFileReference; lastKnownFileType = wrapper.framework; name = MapKit.framework; path = System/Library/Frameworks/MapKit.framework; sourceTree = SDKROOT; };
		B0838DF61822EF5D00AB0387 /* CoreLocation.framework */ = {isa = PBXFileReference; lastKnownFileType = wrapper.framework; name = CoreLocation.framework; path = System/Library/Frameworks/CoreLocation.framework; sourceTree = SDKROOT; };
		B0838DFE1822F16700AB0387 /* FeedTableViewCell.h */ = {isa = PBXFileReference; fileEncoding = 4; lastKnownFileType = sourcecode.c.h; path = FeedTableViewCell.h; sourceTree = "<group>"; };
		B0838DFF1822F16700AB0387 /* FeedTableViewCell.m */ = {isa = PBXFileReference; fileEncoding = 4; lastKnownFileType = sourcecode.c.objc; path = FeedTableViewCell.m; sourceTree = "<group>"; };
		B0838E001822F16700AB0387 /* FeedTableViewCell.xib */ = {isa = PBXFileReference; fileEncoding = 4; lastKnownFileType = file.xib; path = FeedTableViewCell.xib; sourceTree = "<group>"; };
		B0838E011822F16700AB0387 /* FeedTableViewController.h */ = {isa = PBXFileReference; fileEncoding = 4; lastKnownFileType = sourcecode.c.h; path = FeedTableViewController.h; sourceTree = "<group>"; };
		B0838E021822F16700AB0387 /* FeedTableViewController.m */ = {isa = PBXFileReference; fileEncoding = 4; lastKnownFileType = sourcecode.c.objc; path = FeedTableViewController.m; sourceTree = "<group>"; };
		B0838E031822F16700AB0387 /* FeedTableViewController.xib */ = {isa = PBXFileReference; fileEncoding = 4; lastKnownFileType = file.xib; path = FeedTableViewController.xib; sourceTree = "<group>"; };
		B0838E051822F16700AB0387 /* InitialViewController.h */ = {isa = PBXFileReference; fileEncoding = 4; lastKnownFileType = sourcecode.c.h; path = InitialViewController.h; sourceTree = "<group>"; };
		B0838E061822F16700AB0387 /* InitialViewController.m */ = {isa = PBXFileReference; fileEncoding = 4; lastKnownFileType = sourcecode.c.objc; path = InitialViewController.m; sourceTree = "<group>"; };
		B0838E071822F16700AB0387 /* InitialViewController.xib */ = {isa = PBXFileReference; fileEncoding = 4; lastKnownFileType = file.xib; path = InitialViewController.xib; sourceTree = "<group>"; };
		B0838E091822F16700AB0387 /* LoadingViewController.h */ = {isa = PBXFileReference; fileEncoding = 4; lastKnownFileType = sourcecode.c.h; path = LoadingViewController.h; sourceTree = "<group>"; };
		B0838E0A1822F16700AB0387 /* LoadingViewController.m */ = {isa = PBXFileReference; fileEncoding = 4; lastKnownFileType = sourcecode.c.objc; path = LoadingViewController.m; sourceTree = "<group>"; };
		B0838E0B1822F16700AB0387 /* LoadingViewController.xib */ = {isa = PBXFileReference; fileEncoding = 4; lastKnownFileType = file.xib; path = LoadingViewController.xib; sourceTree = "<group>"; };
		B0838E0D1822F16700AB0387 /* MapViewController.h */ = {isa = PBXFileReference; fileEncoding = 4; lastKnownFileType = sourcecode.c.h; path = MapViewController.h; sourceTree = "<group>"; };
		B0838E0E1822F16700AB0387 /* MapViewController.m */ = {isa = PBXFileReference; fileEncoding = 4; lastKnownFileType = sourcecode.c.objc; path = MapViewController.m; sourceTree = "<group>"; };
		B0838E0F1822F16700AB0387 /* MapViewController.xib */ = {isa = PBXFileReference; fileEncoding = 4; lastKnownFileType = file.xib; path = MapViewController.xib; sourceTree = "<group>"; };
		B0838E111822F16700AB0387 /* SelectUserViewController.h */ = {isa = PBXFileReference; fileEncoding = 4; lastKnownFileType = sourcecode.c.h; path = SelectUserViewController.h; sourceTree = "<group>"; };
		B0838E121822F16700AB0387 /* SelectUserViewController.m */ = {isa = PBXFileReference; fileEncoding = 4; lastKnownFileType = sourcecode.c.objc; path = SelectUserViewController.m; sourceTree = "<group>"; };
		B0838E131822F16700AB0387 /* SelectUserViewController.xib */ = {isa = PBXFileReference; fileEncoding = 4; lastKnownFileType = file.xib; path = SelectUserViewController.xib; sourceTree = "<group>"; };
		B0838E151822F16700AB0387 /* NSString+JSON.h */ = {isa = PBXFileReference; fileEncoding = 4; lastKnownFileType = sourcecode.c.h; path = "NSString+JSON.h"; sourceTree = "<group>"; };
		B0838E161822F16700AB0387 /* NSString+JSON.m */ = {isa = PBXFileReference; fileEncoding = 4; lastKnownFileType = sourcecode.c.objc; path = "NSString+JSON.m"; sourceTree = "<group>"; };
		B0838E2D1822F4B700AB0387 /* checkin.png */ = {isa = PBXFileReference; lastKnownFileType = image.png; path = checkin.png; sourceTree = "<group>"; };
		B0838E2E1822F4B700AB0387 /* checkin@2x.png */ = {isa = PBXFileReference; lastKnownFileType = image.png; path = "checkin@2x.png"; sourceTree = "<group>"; };
		B0838E2F1822F4B700AB0387 /* feed_icon.png */ = {isa = PBXFileReference; lastKnownFileType = image.png; path = feed_icon.png; sourceTree = "<group>"; };
		B0838E301822F4B700AB0387 /* feed_icon@2x.png */ = {isa = PBXFileReference; lastKnownFileType = image.png; path = "feed_icon@2x.png"; sourceTree = "<group>"; };
		B0838E361822F50900AB0387 /* Annotation.h */ = {isa = PBXFileReference; fileEncoding = 4; lastKnownFileType = sourcecode.c.h; path = Annotation.h; sourceTree = "<group>"; };
		B0838E371822F50900AB0387 /* Annotation.m */ = {isa = PBXFileReference; fileEncoding = 4; lastKnownFileType = sourcecode.c.objc; path = Annotation.m; sourceTree = "<group>"; };
		B0838E381822F50900AB0387 /* User.h */ = {isa = PBXFileReference; fileEncoding = 4; lastKnownFileType = sourcecode.c.h; path = User.h; sourceTree = "<group>"; };
		B0838E391822F50900AB0387 /* User.m */ = {isa = PBXFileReference; fileEncoding = 4; lastKnownFileType = sourcecode.c.objc; path = User.m; sourceTree = "<group>"; };
		B0838E401824026F00AB0387 /* LoadingCell.h */ = {isa = PBXFileReference; fileEncoding = 4; lastKnownFileType = sourcecode.c.h; path = LoadingCell.h; sourceTree = "<group>"; };
		B0838E411824026F00AB0387 /* LoadingCell.m */ = {isa = PBXFileReference; fileEncoding = 4; lastKnownFileType = sourcecode.c.objc; path = LoadingCell.m; sourceTree = "<group>"; };
		B0838E431824050000AB0387 /* PlaceholderRow.h */ = {isa = PBXFileReference; fileEncoding = 4; lastKnownFileType = sourcecode.c.h; path = PlaceholderRow.h; sourceTree = "<group>"; };
		B0838E441824050000AB0387 /* PlaceholderRow.m */ = {isa = PBXFileReference; fileEncoding = 4; lastKnownFileType = sourcecode.c.objc; path = PlaceholderRow.m; sourceTree = "<group>"; };
/* End PBXFileReference section */

/* Begin PBXFrameworksBuildPhase section */
		824A9DD21724E16400C9BD79 /* Frameworks */ = {
			isa = PBXFrameworksBuildPhase;
			buildActionMask = 2147483647;
			files = (
				B0838DF71822EF5D00AB0387 /* CoreLocation.framework in Frameworks */,
				B0838DF51822EF2700AB0387 /* MapKit.framework in Frameworks */,
				824A9FDD1725079100C9BD79 /* libcrypto.a in Frameworks */,
				824A9FE01725079100C9BD79 /* libRestKit.a in Frameworks */,
				8273F18A1778F39F005E31A6 /* libSalesforceCommonUtils.a in Frameworks */,
				824A9FE21725079100C9BD79 /* libSalesforceNativeSDK.a in Frameworks */,
				824A9FE31725079100C9BD79 /* libSalesforceOAuth.a in Frameworks */,
				824A9FE41725079100C9BD79 /* libSalesforceSDKCore.a in Frameworks */,
				824A9FE51725079100C9BD79 /* libsqlcipher.a in Frameworks */,
				824A9FDE1725079100C9BD79 /* libssl.a in Frameworks */,
				824A9FE81725098F00C9BD79 /* libxml2.dylib in Frameworks */,
				824A9FEA1725099600C9BD79 /* libz.dylib in Frameworks */,
				824A9DD91724E16400C9BD79 /* UIKit.framework in Frameworks */,
				824A9DDB1724E16400C9BD79 /* Foundation.framework in Frameworks */,
				824A9FEC17250ADA00C9BD79 /* CFNetwork.framework in Frameworks */,
				824A9FEE17250AE500C9BD79 /* CoreData.framework in Frameworks */,
				824A9DDD1724E16400C9BD79 /* CoreGraphics.framework in Frameworks */,
				824A9FF017250B7D00C9BD79 /* MessageUI.framework in Frameworks */,
				824A9FF217250B8300C9BD79 /* MobileCoreServices.framework in Frameworks */,
				824A9FF417250BF300C9BD79 /* QuartzCore.framework in Frameworks */,
				824A9FF617250BFA00C9BD79 /* Security.framework in Frameworks */,
				824A9FF817250C0100C9BD79 /* SystemConfiguration.framework in Frameworks */,
			);
			runOnlyForDeploymentPostprocessing = 0;
		};
/* End PBXFrameworksBuildPhase section */

/* Begin PBXGroup section */
		4DBCCD601824C395006C7619 /* images */ = {
			isa = PBXGroup;
			children = (
				4DBCCD691825707F006C7619 /* chatterPin.png */,
				4DBCCD6A1825707F006C7619 /* chatterPin@2x.png */,
				4DBCCD6D18286CAC006C7619 /* basic_blue_background.png */,
				4DBCCD6E18286CAC006C7619 /* basic_blue_background@2x.png */,
				4D32CAF6182B585E00B73A14 /* tab_pin.png */,
				4D32CAF7182B585E00B73A14 /* tab_pin@2x.png */,
				4D32CAFA182B5D9F00B73A14 /* tab_thoughtBubble.png */,
				4D32CAFB182B5D9F00B73A14 /* tab_thoughtBubble@2x.png */,
				4D32CAFC182B5D9F00B73A14 /* tab_wordBubble.png */,
				4D32CAFD182B5D9F00B73A14 /* tab_wordBubble@2x.png */,
			);
			name = images;
			sourceTree = "<group>";
		};
		4DBCCD651824C757006C7619 /* Views */ = {
			isa = PBXGroup;
			children = (
				4DD6261418365B47002D77D1 /* CloudCalloutView.h */,
				4DD6261518365B47002D77D1 /* CloudCalloutView.m */,
				4DBCCD661824C7BD006C7619 /* ChatterPinAnnotationView.h */,
				4DBCCD671824C7BD006C7619 /* ChatterPinAnnotationView.m */,
			);
			name = Views;
			sourceTree = "<group>";
		};
		824A9DCC1724E16400C9BD79 = {
			isa = PBXGroup;
			children = (
				824A9DDE1724E16400C9BD79 /* ChatterCheckin2 */,
				824A9DD71724E16400C9BD79 /* Frameworks */,
				824A9DD61724E16400C9BD79 /* Products */,
			);
			sourceTree = "<group>";
		};
		824A9DD61724E16400C9BD79 /* Products */ = {
			isa = PBXGroup;
			children = (
				824A9DD51724E16400C9BD79 /* Checkin.app */,
			);
			name = Products;
			sourceTree = "<group>";
		};
		824A9DD71724E16400C9BD79 /* Frameworks */ = {
			isa = PBXGroup;
			children = (
				B0838DF61822EF5D00AB0387 /* CoreLocation.framework */,
				B0838DF41822EF2700AB0387 /* MapKit.framework */,
				824A9FE71725098F00C9BD79 /* libxml2.dylib */,
				824A9FE91725099600C9BD79 /* libz.dylib */,
				824A9FEB17250ADA00C9BD79 /* CFNetwork.framework */,
				824A9FED17250AE500C9BD79 /* CoreData.framework */,
				824A9DDC1724E16400C9BD79 /* CoreGraphics.framework */,
				824A9DDA1724E16400C9BD79 /* Foundation.framework */,
				824A9FEF17250B7C00C9BD79 /* MessageUI.framework */,
				824A9FF117250B8300C9BD79 /* MobileCoreServices.framework */,
				824A9FF317250BF300C9BD79 /* QuartzCore.framework */,
				824A9FF517250BFA00C9BD79 /* Security.framework */,
				824A9FF717250C0100C9BD79 /* SystemConfiguration.framework */,
				824A9DD81724E16400C9BD79 /* UIKit.framework */,
			);
			name = Frameworks;
			sourceTree = "<group>";
		};
		824A9DDE1724E16400C9BD79 /* ChatterCheckin2 */ = {
			isa = PBXGroup;
			children = (
				824A9E3C1724E9F400C9BD79 /* readme.txt */,
				824A9E301724E2A900C9BD79 /* Classes */,
				824A9F301725079000C9BD79 /* Dependencies */,
				824A9E421724EF9800C9BD79 /* Resources */,
				824A9DDF1724E16400C9BD79 /* Supporting Files */,
			);
			path = ChatterCheckin2;
			sourceTree = "<group>";
		};
		824A9DDF1724E16400C9BD79 /* Supporting Files */ = {
			isa = PBXGroup;
			children = (
				824A9DE01724E16400C9BD79 /* ChatterCheckin2-Info.plist */,
				824A9DE11724E16400C9BD79 /* InfoPlist.strings */,
				824A9DE41724E16400C9BD79 /* main.m */,
				824A9DE61724E16400C9BD79 /* ChatterCheckin2-Prefix.pch */,
			);
			name = "Supporting Files";
			sourceTree = "<group>";
		};
		824A9E301724E2A900C9BD79 /* Classes */ = {
			isa = PBXGroup;
			children = (
				824A9E311724E2A900C9BD79 /* AppDelegate.h */,
				824A9E321724E2A900C9BD79 /* AppDelegate.m */,
				B0838E351822F50900AB0387 /* Model */,
				B0838DF81822F16700AB0387 /* Controllers */,
				4DBCCD651824C757006C7619 /* Views */,
				B0838E141822F16700AB0387 /* Categories */,
				B0838E2C1822F4B700AB0387 /* Other Assets */,
			);
			path = Classes;
			sourceTree = "<group>";
		};
		824A9E421724EF9800C9BD79 /* Resources */ = {
			isa = PBXGroup;
			children = (
				4DBCCD601824C395006C7619 /* images */,
				824A9E591724F01500C9BD79 /* icons */,
				824A9E5A1724F01D00C9BD79 /* splash */,
				824A9E401724ECC600C9BD79 /* SalesforceSDKResources.bundle */,
				824A9E3E1724EC6300C9BD79 /* Settings.bundle */,
			);
			name = Resources;
			sourceTree = "<group>";
		};
		824A9E591724F01500C9BD79 /* icons */ = {
			isa = PBXGroup;
			children = (
				4D83E73B18246B850022959B /* Icon-40x40.png */,
				4D83E73C18246B850022959B /* Icon-72.png */,
				4D83E73D18246B850022959B /* Icon-72@2x.png */,
				4D83E73E18246B850022959B /* Icon-76x76.png */,
				4D83E73F18246B850022959B /* Icon-80x80.png */,
				4D83E74018246B850022959B /* Icon-120x120.png */,
				4D83E74118246B850022959B /* Icon-152x152.png */,
				4D83E74218246B850022959B /* Icon-Small-50.png */,
				4D83E74318246B850022959B /* Icon-Small-50@2x.png */,
				4D83E74418246B850022959B /* Icon-Small.png */,
				4D83E74518246B850022959B /* Icon-Small@2x.png */,
				4D83E74618246B850022959B /* Icon.png */,
				4D83E74718246B850022959B /* Icon@2x.png */,
				4D83E75518246BAD0022959B /* iTunesArtwork */,
				4D83E75618246BAD0022959B /* iTunesArtwork@2x */,
			);
			name = icons;
			sourceTree = "<group>";
		};
		824A9E5A1724F01D00C9BD79 /* splash */ = {
			isa = PBXGroup;
			children = (
				824A9E631724F03D00C9BD79 /* Default-568h@2x.png */,
				824A9E641724F03D00C9BD79 /* Default-Landscape@2x~ipad.png */,
				824A9E651724F03D00C9BD79 /* Default-Landscape~ipad.png */,
				824A9E661724F03D00C9BD79 /* Default-Portrait@2x~ipad.png */,
				824A9E671724F03D00C9BD79 /* Default-Portrait~ipad.png */,
				824A9E681724F03D00C9BD79 /* Default.png */,
				824A9E691724F03D00C9BD79 /* Default@2x.png */,
			);
			name = splash;
			sourceTree = "<group>";
		};
		824A9F301725079000C9BD79 /* Dependencies */ = {
			isa = PBXGroup;
			children = (
				824A9F311725079000C9BD79 /* openssl */,
				824A9F351725079000C9BD79 /* RestKit */,
				8273F1641778F39F005E31A6 /* SalesforceCommonUtils */,
				824A9FB31725079100C9BD79 /* SalesforceNativeSDK */,
				824A9FBB1725079100C9BD79 /* SalesforceOAuth */,
				824A9FC21725079100C9BD79 /* SalesforceSDKCore */,
				824A9FDA1725079100C9BD79 /* sqlcipher */,
			);
			path = Dependencies;
			sourceTree = "<group>";
		};
		824A9F311725079000C9BD79 /* openssl */ = {
			isa = PBXGroup;
			children = (
				824A9F321725079000C9BD79 /* libcrypto.a */,
				824A9F331725079000C9BD79 /* libssl.a */,
				824A9F341725079000C9BD79 /* openssl_license.txt */,
			);
			path = openssl;
			sourceTree = "<group>";
		};
		824A9F351725079000C9BD79 /* RestKit */ = {
			isa = PBXGroup;
			children = (
				824A9F361725079000C9BD79 /* include */,
				824A9F8E1725079100C9BD79 /* libRestKit.a */,
			);
			path = RestKit;
			sourceTree = "<group>";
		};
		824A9F361725079000C9BD79 /* include */ = {
			isa = PBXGroup;
			children = (
				824A9F371725079000C9BD79 /* RestKit */,
			);
			path = include;
			sourceTree = "<group>";
		};
		824A9F371725079000C9BD79 /* RestKit */ = {
			isa = PBXGroup;
			children = (
				824A9F381725079000C9BD79 /* CoreData.h */,
				824A9F391725079000C9BD79 /* Errors.h */,
				824A9F3A1725079000C9BD79 /* FileMD5Hash.h */,
				824A9F3B1725079000C9BD79 /* FileMD5Hash_Prefix.pch */,
				824A9F3C1725079000C9BD79 /* GCOAuth.h */,
				824A9F3D1725079000C9BD79 /* ISO8601DateFormatter.h */,
				824A9F3E1725079000C9BD79 /* JSONKit.h */,
				824A9F3F1725079000C9BD79 /* lcl.h */,
				824A9F401725079000C9BD79 /* lcl_config_components.h */,
				824A9F411725079000C9BD79 /* lcl_config_components.template.h */,
				824A9F421725079000C9BD79 /* lcl_config_extensions.h */,
				824A9F431725079000C9BD79 /* lcl_config_extensions.template.h */,
				824A9F441725079000C9BD79 /* lcl_config_logger.h */,
				824A9F451725079000C9BD79 /* lcl_config_logger.template.h */,
				824A9F461725079000C9BD79 /* LCLNSLog.h */,
				824A9F471725079000C9BD79 /* Network.h */,
				824A9F481725079000C9BD79 /* NSData+Base64.h */,
				824A9F491725079000C9BD79 /* NSData+MD5.h */,
				824A9F4A1725079000C9BD79 /* NSDictionary+RKAdditions.h */,
				824A9F4B1725079000C9BD79 /* NSDictionary+RKRequestSerialization.h */,
				824A9F4C1725079000C9BD79 /* NSManagedObject+ActiveRecord.h */,
				824A9F4D1725079000C9BD79 /* NSString+MD5.h */,
				824A9F4E1725079000C9BD79 /* NSString+RestKit.h */,
				824A9F4F1725079000C9BD79 /* NSURL+RestKit.h */,
				824A9F501725079000C9BD79 /* ObjectMapping.h */,
				824A9F511725079000C9BD79 /* RestKit-Prefix.pch */,
				824A9F521725079000C9BD79 /* RestKit.h */,
				824A9F531725079000C9BD79 /* RKAlert.h */,
				824A9F541725079000C9BD79 /* RKClient.h */,
				824A9F551725079000C9BD79 /* RKConfigurationDelegate.h */,
				824A9F561725079000C9BD79 /* RKDirectory.h */,
				824A9F571725079000C9BD79 /* RKDotNetDateFormatter.h */,
				824A9F581725079000C9BD79 /* RKDynamicObjectMapping.h */,
				824A9F591725079000C9BD79 /* RKErrorMessage.h */,
				824A9F5A1725079000C9BD79 /* RKFixCategoryBug.h */,
				824A9F5B1725079000C9BD79 /* RKJSONParserJSONKit.h */,
				824A9F5C1725079000C9BD79 /* RKLog.h */,
				824A9F5D1725079000C9BD79 /* RKManagedObjectCache.h */,
				824A9F5E1725079000C9BD79 /* RKManagedObjectLoader.h */,
				824A9F5F1725079000C9BD79 /* RKManagedObjectMapping.h */,
				824A9F601725079000C9BD79 /* RKManagedObjectMappingOperation.h */,
				824A9F611725079000C9BD79 /* RKManagedObjectSeeder.h */,
				824A9F621725079000C9BD79 /* RKManagedObjectStore.h */,
				824A9F631725079000C9BD79 /* RKManagedObjectThreadSafeInvocation.h */,
				824A9F641725079000C9BD79 /* RKMappingOperationQueue.h */,
				824A9F651725079000C9BD79 /* RKMIMETypes.h */,
				824A9F661725079000C9BD79 /* RKNotifications.h */,
				824A9F671725079000C9BD79 /* RKOAuthClient.h */,
				824A9F681725079000C9BD79 /* RKObjectAttributeMapping.h */,
				824A9F691725079000C9BD79 /* RKObjectLoader.h */,
				824A9F6A1725079000C9BD79 /* RKObjectLoader_Internals.h */,
				824A9F6B1725079000C9BD79 /* RKObjectManager.h */,
				824A9F6C1725079000C9BD79 /* RKObjectMapper.h */,
				824A9F6D1725079000C9BD79 /* RKObjectMapper_Private.h */,
				824A9F6E1725079000C9BD79 /* RKObjectMapperError.h */,
				824A9F6F1725079000C9BD79 /* RKObjectMapping.h */,
				824A9F701725079000C9BD79 /* RKObjectMappingDefinition.h */,
				824A9F711725079000C9BD79 /* RKObjectMappingOperation.h */,
				824A9F721725079000C9BD79 /* RKObjectMappingProvider.h */,
				824A9F731725079000C9BD79 /* RKObjectMappingResult.h */,
				824A9F741725079000C9BD79 /* RKObjectPaginator.h */,
				824A9F751725079000C9BD79 /* RKObjectPropertyInspector+CoreData.h */,
				824A9F761725079000C9BD79 /* RKObjectPropertyInspector.h */,
				824A9F771725079000C9BD79 /* RKObjectRelationshipMapping.h */,
				824A9F781725079000C9BD79 /* RKObjectRouter.h */,
				824A9F791725079000C9BD79 /* RKObjectSerializer.h */,
				824A9F7A1725079000C9BD79 /* RKOrderedDictionary.h */,
				824A9F7B1725079000C9BD79 /* RKParams.h */,
				824A9F7C1725079000C9BD79 /* RKParamsAttachment.h */,
				824A9F7D1725079000C9BD79 /* RKParser.h */,
				824A9F7E1725079000C9BD79 /* RKParserRegistry.h */,
				824A9F7F1725079000C9BD79 /* RKPathMatcher.h */,
				824A9F801725079100C9BD79 /* RKReachabilityObserver.h */,
				824A9F811725079100C9BD79 /* RKRequest.h */,
				824A9F821725079100C9BD79 /* RKRequest_Internals.h */,
				824A9F831725079100C9BD79 /* RKRequestCache.h */,
				824A9F841725079100C9BD79 /* RKRequestQueue.h */,
				824A9F851725079100C9BD79 /* RKRequestSerializable.h */,
				824A9F861725079100C9BD79 /* RKRequestSerialization.h */,
				824A9F871725079100C9BD79 /* RKResponse.h */,
				824A9F881725079100C9BD79 /* RKRouter.h */,
				824A9F891725079100C9BD79 /* RKSearchEngine.h */,
				824A9F8A1725079100C9BD79 /* RKURL.h */,
				824A9F8B1725079100C9BD79 /* RKXMLParserLibXML.h */,
				824A9F8C1725079100C9BD79 /* SOCKit.h */,
				824A9F8D1725079100C9BD79 /* Support.h */,
			);
			path = RestKit;
			sourceTree = "<group>";
		};
		824A9FB31725079100C9BD79 /* SalesforceNativeSDK */ = {
			isa = PBXGroup;
			children = (
				824A9FB41725079100C9BD79 /* include */,
				824A9FBA1725079100C9BD79 /* libSalesforceNativeSDK.a */,
			);
			path = SalesforceNativeSDK;
			sourceTree = "<group>";
		};
		824A9FB41725079100C9BD79 /* include */ = {
			isa = PBXGroup;
			children = (
				824A9FB51725079100C9BD79 /* SalesforceNativeSDK */,
			);
			path = include;
			sourceTree = "<group>";
		};
		824A9FB51725079100C9BD79 /* SalesforceNativeSDK */ = {
			isa = PBXGroup;
			children = (
				824A9FB61725079100C9BD79 /* SFRestAPI+Blocks.h */,
				824A9FB71725079100C9BD79 /* SFRestAPI+QueryBuilder.h */,
				824A9FB81725079100C9BD79 /* SFRestAPI.h */,
				824A9FB91725079100C9BD79 /* SFRestRequest.h */,
			);
			path = SalesforceNativeSDK;
			sourceTree = "<group>";
		};
		824A9FBB1725079100C9BD79 /* SalesforceOAuth */ = {
			isa = PBXGroup;
			children = (
				824A9FBC1725079100C9BD79 /* include */,
				824A9FC11725079100C9BD79 /* libSalesforceOAuth.a */,
			);
			path = SalesforceOAuth;
			sourceTree = "<group>";
		};
		824A9FBC1725079100C9BD79 /* include */ = {
			isa = PBXGroup;
			children = (
				824A9FBD1725079100C9BD79 /* SalesforceOAuth */,
			);
			path = include;
			sourceTree = "<group>";
		};
		824A9FBD1725079100C9BD79 /* SalesforceOAuth */ = {
			isa = PBXGroup;
			children = (
				824A9FBE1725079100C9BD79 /* SFOAuthCoordinator.h */,
				824A9FBF1725079100C9BD79 /* SFOAuthCredentials.h */,
				824A9FC01725079100C9BD79 /* SFOAuthInfo.h */,
			);
			path = SalesforceOAuth;
			sourceTree = "<group>";
		};
		824A9FC21725079100C9BD79 /* SalesforceSDKCore */ = {
			isa = PBXGroup;
			children = (
				824A9FC31725079100C9BD79 /* include */,
				824A9FD91725079100C9BD79 /* libSalesforceSDKCore.a */,
			);
			path = SalesforceSDKCore;
			sourceTree = "<group>";
		};
		824A9FC31725079100C9BD79 /* include */ = {
			isa = PBXGroup;
			children = (
				824A9FC41725079100C9BD79 /* SalesforceSDKCore */,
			);
			path = include;
			sourceTree = "<group>";
		};
		824A9FC41725079100C9BD79 /* SalesforceSDKCore */ = {
			isa = PBXGroup;
			children = (
				824A9FC51725079100C9BD79 /* FMDatabase.h */,
				824A9FC61725079100C9BD79 /* FMResultSet.h */,
				824A9FC71725079100C9BD79 /* SalesforceSDKConstants.h */,
				824A9FC81725079100C9BD79 /* SFAccountManager.h */,
				824A9FC91725079100C9BD79 /* SFApplication.h */,
				824A9FCA1725079100C9BD79 /* SFAuthenticationManager.h */,
				824A9FCB1725079100C9BD79 /* SFAuthorizingViewController.h */,
				824A9FCC1725079100C9BD79 /* SFIdentityCoordinator.h */,
				824A9FCD1725079100C9BD79 /* SFIdentityData.h */,
				824A9FCE1725079100C9BD79 /* SFJsonUtils.h */,
				824A9FCF1725079100C9BD79 /* SFPasscodeManager.h */,
				824A9FD01725079100C9BD79 /* SFPasscodeProviderManager.h */,
				824A9FD11725079100C9BD79 /* SFQuerySpec.h */,
				824A9FD21725079100C9BD79 /* SFSDKResourceUtils.h */,
				824A9FD31725079100C9BD79 /* SFSDKWebUtils.h */,
				824A9FD41725079100C9BD79 /* SFSecurityLockout.h */,
				824A9FD51725079100C9BD79 /* SFSmartStore.h */,
				824A9FD61725079100C9BD79 /* SFSmartStoreDatabaseManager.h */,
				824A9FD71725079100C9BD79 /* SFSoupIndex.h */,
				824A9FD81725079100C9BD79 /* SFStoreCursor.h */,
			);
			path = SalesforceSDKCore;
			sourceTree = "<group>";
		};
		824A9FDA1725079100C9BD79 /* sqlcipher */ = {
			isa = PBXGroup;
			children = (
				824A9FDB1725079100C9BD79 /* libsqlcipher.a */,
				824A9FDC1725079100C9BD79 /* LICENSE */,
			);
			path = sqlcipher;
			sourceTree = "<group>";
		};
		8273F1641778F39F005E31A6 /* SalesforceCommonUtils */ = {
			isa = PBXGroup;
			children = (
				8273F1661778F39F005E31A6 /* Headers */,
				8273F1881778F39F005E31A6 /* libSalesforceCommonUtils.a */,
			);
			path = SalesforceCommonUtils;
			sourceTree = "<group>";
		};
		8273F1661778F39F005E31A6 /* Headers */ = {
			isa = PBXGroup;
			children = (
				8273F1671778F39F005E31A6 /* SalesforceCommonUtils */,
			);
			path = Headers;
			sourceTree = "<group>";
		};
		8273F1671778F39F005E31A6 /* SalesforceCommonUtils */ = {
			isa = PBXGroup;
			children = (
				8273F1681778F39F005E31A6 /* NSData+SFAdditions.h */,
				8273F1691778F39F005E31A6 /* NSDictionary+SFAdditions.h */,
				8273F16A1778F39F005E31A6 /* NSMutableAttributedString+SFAdditions.h */,
				8273F16B1778F39F005E31A6 /* NSObject+SFBlocks.h */,
				8273F16C1778F39F005E31A6 /* NSString+SFAdditions.h */,
				8273F16D1778F39F005E31A6 /* NSString+SFPathAdditions.h */,
				8273F16E1778F39F005E31A6 /* NSURL+SFAdditions.h */,
				8273F16F1778F39F005E31A6 /* SalesforceCommonUtils.h */,
				8273F1701778F39F005E31A6 /* SFCoverView.h */,
				8273F1711778F39F005E31A6 /* SFCrypto.h */,
				8273F1721778F39F005E31A6 /* SFDateUtil.h */,
				8273F1731778F39F005E31A6 /* SFDeviceInfo.h */,
				8273F1741778F39F005E31A6 /* SFEncryptionManager.h */,
				8273F1751778F39F005E31A6 /* SFGradientView.h */,
				8273F1761778F39F005E31A6 /* SFInactivityTimerCenter.h */,
				8273F1771778F39F005E31A6 /* SFKeychainItemWrapper.h */,
				8273F1781778F39F005E31A6 /* SFLogger.h */,
				8273F1791778F39F005E31A6 /* SFMD5.h */,
				8273F17A1778F39F005E31A6 /* SFPadPickListViewController.h */,
				8273F17B1778F39F005E31A6 /* SFPathUtil.h */,
				8273F17C1778F39F005E31A6 /* SFPhonePickListViewController.h */,
				8273F17D1778F39F005E31A6 /* SFPickListViewController.h */,
				8273F17E1778F39F005E31A6 /* SFSoqlBuilder.h */,
				8273F17F1778F39F005E31A6 /* SFSoslBuilder.h */,
				8273F1801778F39F005E31A6 /* SFSoslReturningBuilder.h */,
				8273F1811778F39F005E31A6 /* SFTestContext.h */,
				8273F1821778F39F005E31A6 /* SFUIUtils.h */,
				8273F1831778F39F005E31A6 /* UIActionSheet+SFBlocks.h */,
				8273F1841778F39F005E31A6 /* UIAlertView+SFBlocks.h */,
				8273F1851778F39F005E31A6 /* UIBarButtonItem+SFAddtions.h */,
				8273F1861778F39F005E31A6 /* UIDevice+SFHardware.h */,
				8273F1871778F39F005E31A6 /* UILabel+SFAdditions.h */,
			);
			path = SalesforceCommonUtils;
			sourceTree = "<group>";
		};
		B0359D8F1826E95C00889929 /* Old SelectUserViewController */ = {
			isa = PBXGroup;
			children = (
				B0359D901826E95C00889929 /* SelectUserViewControllerOrig.h */,
				B0359D911826E95C00889929 /* SelectUserViewControllerOrig.m */,
				B0359D921826E95C00889929 /* SelectUserViewControllerOrig.xib */,
			);
			path = "Old SelectUserViewController";
			sourceTree = "<group>";
		};
		B0838DF81822F16700AB0387 /* Controllers */ = {
			isa = PBXGroup;
			children = (
				B0838DF91822F16700AB0387 /* Checkin */,
				B0838DFD1822F16700AB0387 /* Feed Table */,
				B0838E041822F16700AB0387 /* Initial */,
				B0838E081822F16700AB0387 /* Loading */,
				B0838E0C1822F16700AB0387 /* Map */,
				B0838E101822F16700AB0387 /* Select Users */,
			);
			path = Controllers;
			sourceTree = "<group>";
		};
		B0838DF91822F16700AB0387 /* Checkin */ = {
			isa = PBXGroup;
			children = (
				4DBCCD7118286E6D006C7619 /* CheckinViewController.h */,
				4DBCCD7218286E6D006C7619 /* CheckinViewController.m */,
				4DBCCD7318286E6D006C7619 /* CheckinViewController.xib */,
			);
			path = Checkin;
			sourceTree = "<group>";
		};
		B0838DFD1822F16700AB0387 /* Feed Table */ = {
			isa = PBXGroup;
			children = (
				B0838DFE1822F16700AB0387 /* FeedTableViewCell.h */,
				B0838DFF1822F16700AB0387 /* FeedTableViewCell.m */,
				B0838E001822F16700AB0387 /* FeedTableViewCell.xib */,
				B0838E011822F16700AB0387 /* FeedTableViewController.h */,
				B0838E021822F16700AB0387 /* FeedTableViewController.m */,
				B0838E031822F16700AB0387 /* FeedTableViewController.xib */,
			);
			path = "Feed Table";
			sourceTree = "<group>";
		};
		B0838E041822F16700AB0387 /* Initial */ = {
			isa = PBXGroup;
			children = (
				B0838E051822F16700AB0387 /* InitialViewController.h */,
				B0838E061822F16700AB0387 /* InitialViewController.m */,
				B0838E071822F16700AB0387 /* InitialViewController.xib */,
			);
			path = Initial;
			sourceTree = "<group>";
		};
		B0838E081822F16700AB0387 /* Loading */ = {
			isa = PBXGroup;
			children = (
				B0838E091822F16700AB0387 /* LoadingViewController.h */,
				B0838E0A1822F16700AB0387 /* LoadingViewController.m */,
				B0838E0B1822F16700AB0387 /* LoadingViewController.xib */,
			);
			path = Loading;
			sourceTree = "<group>";
		};
		B0838E0C1822F16700AB0387 /* Map */ = {
			isa = PBXGroup;
			children = (
				B0838E0D1822F16700AB0387 /* MapViewController.h */,
				B0838E0E1822F16700AB0387 /* MapViewController.m */,
				B0838E0F1822F16700AB0387 /* MapViewController.xib */,
			);
			path = Map;
			sourceTree = "<group>";
		};
		B0838E101822F16700AB0387 /* Select Users */ = {
			isa = PBXGroup;
			children = (
				4DBCCD7718299B5A006C7619 /* SelectUserControllerDelegate.h */,
				B0359D8F1826E95C00889929 /* Old SelectUserViewController */,
				B0838E3F1824026F00AB0387 /* Cells */,
				B0838E111822F16700AB0387 /* SelectUserViewController.h */,
				B0838E121822F16700AB0387 /* SelectUserViewController.m */,
				B0838E131822F16700AB0387 /* SelectUserViewController.xib */,
			);
			path = "Select Users";
			sourceTree = "<group>";
		};
		B0838E141822F16700AB0387 /* Categories */ = {
			isa = PBXGroup;
			children = (
				4DD6261718365B65002D77D1 /* CAAnimation+Blocks.h */,
				4DD6261818365B65002D77D1 /* CAAnimation+Blocks.m */,
				B0838E151822F16700AB0387 /* NSString+JSON.h */,
				B0838E161822F16700AB0387 /* NSString+JSON.m */,
			);
			path = Categories;
			sourceTree = "<group>";
		};
		B0838E2C1822F4B700AB0387 /* Other Assets */ = {
			isa = PBXGroup;
			children = (
				B0838E2D1822F4B700AB0387 /* checkin.png */,
				B0838E2E1822F4B700AB0387 /* checkin@2x.png */,
				B0838E2F1822F4B700AB0387 /* feed_icon.png */,
				B0838E301822F4B700AB0387 /* feed_icon@2x.png */,
			);
			name = "Other Assets";
			path = ChatterCheckin2/assets;
			sourceTree = SOURCE_ROOT;
		};
		B0838E351822F50900AB0387 /* Model */ = {
			isa = PBXGroup;
			children = (
				B0838E361822F50900AB0387 /* Annotation.h */,
				B0838E371822F50900AB0387 /* Annotation.m */,
				B0838E381822F50900AB0387 /* User.h */,
				B0838E391822F50900AB0387 /* User.m */,
				B0838E431824050000AB0387 /* PlaceholderRow.h */,
				B0838E441824050000AB0387 /* PlaceholderRow.m */,
			);
			path = Model;
			sourceTree = "<group>";
		};
		B0838E3F1824026F00AB0387 /* Cells */ = {
			isa = PBXGroup;
			children = (
				B0838E401824026F00AB0387 /* LoadingCell.h */,
				B0838E411824026F00AB0387 /* LoadingCell.m */,
			);
			path = Cells;
			sourceTree = "<group>";
		};
/* End PBXGroup section */

/* Begin PBXNativeTarget section */
		824A9DD41724E16400C9BD79 /* ChatterCheckin2 */ = {
			isa = PBXNativeTarget;
			buildConfigurationList = 824A9DFB1724E16400C9BD79 /* Build configuration list for PBXNativeTarget "ChatterCheckin2" */;
			buildPhases = (
				824A9DD11724E16400C9BD79 /* Sources */,
				824A9DD21724E16400C9BD79 /* Frameworks */,
				824A9DD31724E16400C9BD79 /* Resources */,
			);
			buildRules = (
			);
			dependencies = (
			);
			name = ChatterCheckin2;
			productName = ChatterCheckin2;
			productReference = 824A9DD51724E16400C9BD79 /* Checkin.app */;
			productType = "com.apple.product-type.application";
		};
/* End PBXNativeTarget section */

/* Begin PBXProject section */
		824A9DCD1724E16400C9BD79 /* Project object */ = {
			isa = PBXProject;
			attributes = {
				LastUpgradeCheck = 0460;
				ORGANIZATIONNAME = Salesforce.com;
			};
			buildConfigurationList = 824A9DD01724E16400C9BD79 /* Build configuration list for PBXProject "ChatterCheckin2" */;
			compatibilityVersion = "Xcode 3.2";
			developmentRegion = English;
			hasScannedForEncodings = 0;
			knownRegions = (
				en,
			);
			mainGroup = 824A9DCC1724E16400C9BD79;
			productRefGroup = 824A9DD61724E16400C9BD79 /* Products */;
			projectDirPath = "";
			projectRoot = "";
			targets = (
				824A9DD41724E16400C9BD79 /* ChatterCheckin2 */,
			);
		};
/* End PBXProject section */

/* Begin PBXResourcesBuildPhase section */
		824A9DD31724E16400C9BD79 /* Resources */ = {
			isa = PBXResourcesBuildPhase;
			buildActionMask = 2147483647;
			files = (
				4D83E75318246B850022959B /* Icon.png in Resources */,
				824A9DE31724E16400C9BD79 /* InfoPlist.strings in Resources */,
				4DBCCD7018286CAC006C7619 /* basic_blue_background@2x.png in Resources */,
				4D83E74E18246B850022959B /* Icon-152x152.png in Resources */,
				4DBCCD6B1825707F006C7619 /* chatterPin.png in Resources */,
				4D32CAFF182B5D9F00B73A14 /* tab_thoughtBubble@2x.png in Resources */,
				824A9E3D1724E9F400C9BD79 /* readme.txt in Resources */,
				4D83E74A18246B850022959B /* Icon-72@2x.png in Resources */,
				4D32CAF8182B585E00B73A14 /* tab_pin.png in Resources */,
				B0838E221822F16700AB0387 /* InitialViewController.xib in Resources */,
				4D83E74F18246B850022959B /* Icon-Small-50.png in Resources */,
				4D83E74818246B850022959B /* Icon-40x40.png in Resources */,
				824A9E3F1724EC6300C9BD79 /* Settings.bundle in Resources */,
				B0838E201822F16700AB0387 /* FeedTableViewController.xib in Resources */,
				4D32CAFE182B5D9F00B73A14 /* tab_thoughtBubble.png in Resources */,
				B0838E241822F16700AB0387 /* LoadingViewController.xib in Resources */,
				4D83E75118246B850022959B /* Icon-Small.png in Resources */,
				4D32CB00182B5D9F00B73A14 /* tab_wordBubble.png in Resources */,
				824A9E411724ECC600C9BD79 /* SalesforceSDKResources.bundle in Resources */,
				B0838E1E1822F16700AB0387 /* FeedTableViewCell.xib in Resources */,
				4DBCCD7518286E6D006C7619 /* CheckinViewController.xib in Resources */,
				B0359D941826E95C00889929 /* SelectUserViewControllerOrig.xib in Resources */,
				4D32CAF9182B585E00B73A14 /* tab_pin@2x.png in Resources */,
				4D83E75218246B850022959B /* Icon-Small@2x.png in Resources */,
				4D83E75818246BAD0022959B /* iTunesArtwork@2x in Resources */,
				4D83E74918246B850022959B /* Icon-72.png in Resources */,
				B0838E311822F4B700AB0387 /* checkin.png in Resources */,
				824A9E6A1724F03D00C9BD79 /* Default-568h@2x.png in Resources */,
				824A9E6B1724F03D00C9BD79 /* Default-Landscape@2x~ipad.png in Resources */,
				4D83E74C18246B850022959B /* Icon-80x80.png in Resources */,
				B0838E261822F16700AB0387 /* MapViewController.xib in Resources */,
				B0838E331822F4B700AB0387 /* feed_icon.png in Resources */,
				824A9E6C1724F03D00C9BD79 /* Default-Landscape~ipad.png in Resources */,
				824A9E6D1724F03D00C9BD79 /* Default-Portrait@2x~ipad.png in Resources */,
				4DBCCD6F18286CAC006C7619 /* basic_blue_background.png in Resources */,
				4D83E75018246B850022959B /* Icon-Small-50@2x.png in Resources */,
				4D32CB01182B5D9F00B73A14 /* tab_wordBubble@2x.png in Resources */,
				4DBCCD6C1825707F006C7619 /* chatterPin@2x.png in Resources */,
				824A9E6E1724F03D00C9BD79 /* Default-Portrait~ipad.png in Resources */,
				B0838E341822F4B700AB0387 /* feed_icon@2x.png in Resources */,
				4D83E74B18246B850022959B /* Icon-76x76.png in Resources */,
				4D83E75718246BAD0022959B /* iTunesArtwork in Resources */,
				B0838E281822F16700AB0387 /* SelectUserViewController.xib in Resources */,
				824A9E6F1724F03D00C9BD79 /* Default.png in Resources */,
				4D83E74D18246B850022959B /* Icon-120x120.png in Resources */,
				824A9E701724F03D00C9BD79 /* Default@2x.png in Resources */,
				4D83E75418246B850022959B /* Icon@2x.png in Resources */,
				824A9FDF1725079100C9BD79 /* openssl_license.txt in Resources */,
				B0838E321822F4B700AB0387 /* checkin@2x.png in Resources */,
				824A9FE61725079100C9BD79 /* LICENSE in Resources */,
			);
			runOnlyForDeploymentPostprocessing = 0;
		};
/* End PBXResourcesBuildPhase section */

/* Begin PBXSourcesBuildPhase section */
		824A9DD11724E16400C9BD79 /* Sources */ = {
			isa = PBXSourcesBuildPhase;
			buildActionMask = 2147483647;
			files = (
				B0838E451824050000AB0387 /* PlaceholderRow.m in Sources */,
				B0838E1F1822F16700AB0387 /* FeedTableViewController.m in Sources */,
				824A9DE51724E16400C9BD79 /* main.m in Sources */,
				4DD6261618365B47002D77D1 /* CloudCalloutView.m in Sources */,
				4DBCCD681824C7BD006C7619 /* ChatterPinAnnotationView.m in Sources */,
				4DBCCD7418286E6D006C7619 /* CheckinViewController.m in Sources */,
				B0838E1D1822F16700AB0387 /* FeedTableViewCell.m in Sources */,
				B0359D931826E95C00889929 /* SelectUserViewControllerOrig.m in Sources */,
				4DD6261918365B65002D77D1 /* CAAnimation+Blocks.m in Sources */,
				B0838E251822F16700AB0387 /* MapViewController.m in Sources */,
				B0838E231822F16700AB0387 /* LoadingViewController.m in Sources */,
				B0838E291822F16700AB0387 /* NSString+JSON.m in Sources */,
				B0838E421824026F00AB0387 /* LoadingCell.m in Sources */,
				B0838E211822F16700AB0387 /* InitialViewController.m in Sources */,
				B0838E3A1822F50900AB0387 /* Annotation.m in Sources */,
				B0838E3B1822F50900AB0387 /* User.m in Sources */,
				824A9E331724E2A900C9BD79 /* AppDelegate.m in Sources */,
				B0838E271822F16700AB0387 /* SelectUserViewController.m in Sources */,
			);
			runOnlyForDeploymentPostprocessing = 0;
		};
/* End PBXSourcesBuildPhase section */

/* Begin PBXVariantGroup section */
		824A9DE11724E16400C9BD79 /* InfoPlist.strings */ = {
			isa = PBXVariantGroup;
			children = (
				824A9DE21724E16400C9BD79 /* en */,
			);
			name = InfoPlist.strings;
			sourceTree = "<group>";
		};
/* End PBXVariantGroup section */

/* Begin XCBuildConfiguration section */
		824A9DF91724E16400C9BD79 /* Debug */ = {
			isa = XCBuildConfiguration;
			buildSettings = {
				ALWAYS_SEARCH_USER_PATHS = NO;
				CLANG_CXX_LANGUAGE_STANDARD = "gnu++0x";
				CLANG_CXX_LIBRARY = "libc++";
				CLANG_ENABLE_OBJC_ARC = YES;
				CLANG_WARN_CONSTANT_CONVERSION = YES;
				CLANG_WARN_EMPTY_BODY = YES;
				CLANG_WARN_ENUM_CONVERSION = YES;
				CLANG_WARN_INT_CONVERSION = YES;
				CLANG_WARN__DUPLICATE_METHOD_MATCH = YES;
				"CODE_SIGN_IDENTITY[sdk=iphoneos*]" = "iPhone Developer";
				COPY_PHASE_STRIP = NO;
				GCC_C_LANGUAGE_STANDARD = gnu99;
				GCC_DYNAMIC_NO_PIC = NO;
				GCC_OPTIMIZATION_LEVEL = 0;
				GCC_PREPROCESSOR_DEFINITIONS = (
					"DEBUG=1",
					"$(inherited)",
				);
				GCC_SYMBOLS_PRIVATE_EXTERN = NO;
				GCC_WARN_ABOUT_RETURN_TYPE = YES;
				GCC_WARN_UNINITIALIZED_AUTOS = YES;
				GCC_WARN_UNUSED_VARIABLE = YES;
				IPHONEOS_DEPLOYMENT_TARGET = 6.0;
				ONLY_ACTIVE_ARCH = YES;
				SDKROOT = iphoneos;
				TARGETED_DEVICE_FAMILY = "1,2";
			};
			name = Debug;
		};
		824A9DFA1724E16400C9BD79 /* Release */ = {
			isa = XCBuildConfiguration;
			buildSettings = {
				ALWAYS_SEARCH_USER_PATHS = NO;
				CLANG_CXX_LANGUAGE_STANDARD = "gnu++0x";
				CLANG_CXX_LIBRARY = "libc++";
				CLANG_ENABLE_OBJC_ARC = YES;
				CLANG_WARN_CONSTANT_CONVERSION = YES;
				CLANG_WARN_EMPTY_BODY = YES;
				CLANG_WARN_ENUM_CONVERSION = YES;
				CLANG_WARN_INT_CONVERSION = YES;
				CLANG_WARN__DUPLICATE_METHOD_MATCH = YES;
				"CODE_SIGN_IDENTITY[sdk=iphoneos*]" = "iPhone Developer";
				COPY_PHASE_STRIP = YES;
				GCC_C_LANGUAGE_STANDARD = gnu99;
				GCC_WARN_ABOUT_RETURN_TYPE = YES;
				GCC_WARN_UNINITIALIZED_AUTOS = YES;
				GCC_WARN_UNUSED_VARIABLE = YES;
				IPHONEOS_DEPLOYMENT_TARGET = 6.0;
				OTHER_CFLAGS = "-DNS_BLOCK_ASSERTIONS=1";
				SDKROOT = iphoneos;
				TARGETED_DEVICE_FAMILY = "1,2";
				VALIDATE_PRODUCT = YES;
			};
			name = Release;
		};
		824A9DFC1724E16400C9BD79 /* Debug */ = {
			isa = XCBuildConfiguration;
			buildSettings = {
				GCC_PRECOMPILE_PREFIX_HEADER = YES;
				GCC_PREFIX_HEADER = "ChatterCheckin2/ChatterCheckin2-Prefix.pch";
				HEADER_SEARCH_PATHS = "";
				INFOPLIST_FILE = "ChatterCheckin2/ChatterCheckin2-Info.plist";
				LIBRARY_SEARCH_PATHS = (
					"$(inherited)",
					"\"$(SRCROOT)/ChatterCheckin2/Dependencies/openssl\"",
					"\"$(SRCROOT)/ChatterCheckin2/Dependencies/RestKit\"",
					"\"$(SRCROOT)/ChatterCheckin2/Dependencies/SalesforceCommonUtils\"",
					"\"$(SRCROOT)/ChatterCheckin2/Dependencies/SalesforceNativeSDK\"",
					"\"$(SRCROOT)/ChatterCheckin2/Dependencies/SalesforceOAuth\"",
					"\"$(SRCROOT)/ChatterCheckin2/Dependencies/SalesforceSDKCore\"",
					"\"$(SRCROOT)/ChatterCheckin2/Dependencies/sqlcipher\"",
				);
				OTHER_LDFLAGS = (
					"-ObjC",
					"-all_load",
				);
				PRODUCT_NAME = Checkin;
				WRAPPER_EXTENSION = app;
			};
			name = Debug;
		};
		824A9DFD1724E16400C9BD79 /* Release */ = {
			isa = XCBuildConfiguration;
			buildSettings = {
				GCC_PRECOMPILE_PREFIX_HEADER = YES;
				GCC_PREFIX_HEADER = "ChatterCheckin2/ChatterCheckin2-Prefix.pch";
				HEADER_SEARCH_PATHS = "";
				INFOPLIST_FILE = "ChatterCheckin2/ChatterCheckin2-Info.plist";
				LIBRARY_SEARCH_PATHS = (
					"$(inherited)",
					"\"$(SRCROOT)/ChatterCheckin2/Dependencies/openssl\"",
					"\"$(SRCROOT)/ChatterCheckin2/Dependencies/RestKit\"",
					"\"$(SRCROOT)/ChatterCheckin2/Dependencies/SalesforceCommonUtils\"",
					"\"$(SRCROOT)/ChatterCheckin2/Dependencies/SalesforceNativeSDK\"",
					"\"$(SRCROOT)/ChatterCheckin2/Dependencies/SalesforceOAuth\"",
					"\"$(SRCROOT)/ChatterCheckin2/Dependencies/SalesforceSDKCore\"",
					"\"$(SRCROOT)/ChatterCheckin2/Dependencies/sqlcipher\"",
				);
				OTHER_LDFLAGS = (
					"-ObjC",
					"-all_load",
				);
				PRODUCT_NAME = Checkin;
				WRAPPER_EXTENSION = app;
			};
			name = Release;
		};
/* End XCBuildConfiguration section */

/* Begin XCConfigurationList section */
		824A9DD01724E16400C9BD79 /* Build configuration list for PBXProject "ChatterCheckin2" */ = {
			isa = XCConfigurationList;
			buildConfigurations = (
				824A9DF91724E16400C9BD79 /* Debug */,
				824A9DFA1724E16400C9BD79 /* Release */,
			);
			defaultConfigurationIsVisible = 0;
			defaultConfigurationName = Release;
		};
		824A9DFB1724E16400C9BD79 /* Build configuration list for PBXNativeTarget "ChatterCheckin2" */ = {
			isa = XCConfigurationList;
			buildConfigurations = (
				824A9DFC1724E16400C9BD79 /* Debug */,
				824A9DFD1724E16400C9BD79 /* Release */,
			);
			defaultConfigurationIsVisible = 0;
			defaultConfigurationName = Release;
		};
/* End XCConfigurationList section */
	};
	rootObject = 824A9DCD1724E16400C9BD79 /* Project object */;
}
